<?xml version="1.0" encoding="utf-8"?>
<Project ToolsVersion="4.0" xmlns="http://schemas.microsoft.com/developer/msbuild/2003">
  <ItemGroup>
    <Filter Include="MessagingSystem">
      <UniqueIdentifier>{ab3c1821-f586-499f-ab8d-ef46defd1ee1}</UniqueIdentifier>
    </Filter>
    <Filter Include="ControlStructures">
      <UniqueIdentifier>{fc1cf0f9-6b3d-4b64-a56d-1f57864a9e85}</UniqueIdentifier>
    </Filter>
    <Filter Include="ControlStructures\BehaviorTrees">
      <UniqueIdentifier>{9bf44471-918a-461c-8a2c-a91294f7f537}</UniqueIdentifier>
    </Filter>
    <Filter Include="ControlStructures\BehaviorTrees\NodeSelectionStrategies">
      <UniqueIdentifier>{584ce497-1e3a-47bd-b57e-64eec23de2c9}</UniqueIdentifier>
    </Filter>
    <Filter Include="ControlStructures\FSM">
      <UniqueIdentifier>{986d3c5a-9d10-4131-8b1b-b54f9acdbd47}</UniqueIdentifier>
    </Filter>
    <Filter Include="SteeringBehaviors">
      <UniqueIdentifier>{dbcec436-c427-40f1-b9d2-0bf8e100ecf6}</UniqueIdentifier>
    </Filter>
    <Filter Include="SkeletonAnimation">
      <UniqueIdentifier>{2a3fcde2-6455-4ca1-a21b-dcce20fbbc65}</UniqueIdentifier>
    </Filter>
    <Filter Include="SkeletonAnimation\Resources">
      <UniqueIdentifier>{f6091b5b-72b9-4ee8-a1fb-878c2e2b1445}</UniqueIdentifier>
    </Filter>
  </ItemGroup>
  <ItemGroup>
    <ClInclude Include="..\..\Include\core-AI\Messagable.h">
      <Filter>MessagingSystem</Filter>
    </ClInclude>
    <ClInclude Include="..\..\Include\core-AI\Message.h">
      <Filter>MessagingSystem</Filter>
    </ClInclude>
    <ClInclude Include="..\..\Include\core-AI\MessageDispatcher.h">
      <Filter>MessagingSystem</Filter>
    </ClInclude>
    <ClInclude Include="..\..\Include\core-AI\BTCompositeNode.h">
      <Filter>ControlStructures\BehaviorTrees</Filter>
    </ClInclude>
    <ClInclude Include="..\..\Include\core-AI\BTNode.h">
      <Filter>ControlStructures\BehaviorTrees</Filter>
    </ClInclude>
    <ClInclude Include="..\..\Include\core-AI\BTNodeSelectionStrategy.h">
      <Filter>ControlStructures\BehaviorTrees</Filter>
    </ClInclude>
    <ClInclude Include="..\..\Include\core-AI\BTPrecondition.h">
      <Filter>ControlStructures\BehaviorTrees</Filter>
    </ClInclude>
    <ClInclude Include="..\..\Include\core-AI\BTSelectorNode.h">
      <Filter>ControlStructures\BehaviorTrees</Filter>
    </ClInclude>
    <ClInclude Include="..\..\Include\core-AI\BTSequenceNode.h">
      <Filter>ControlStructures\BehaviorTrees</Filter>
    </ClInclude>
    <ClInclude Include="..\..\Include\core-AI\PreconditionSelectionStrategy.h">
      <Filter>ControlStructures\BehaviorTrees\NodeSelectionStrategies</Filter>
    </ClInclude>
    <ClInclude Include="..\..\Include\core-AI\FsmLogicState.h">
      <Filter>ControlStructures\FSM</Filter>
    </ClInclude>
    <ClInclude Include="..\..\Include\core-AI\FsmLogicStateController.h">
      <Filter>ControlStructures\FSM</Filter>
    </ClInclude>
    <ClInclude Include="..\..\Include\core-AI\CompositeSteeringBehavior.h">
      <Filter>SteeringBehaviors</Filter>
    </ClInclude>
    <ClInclude Include="..\..\Include\core-AI\SteeringBehavior.h">
      <Filter>SteeringBehaviors</Filter>
    </ClInclude>
    <ClInclude Include="..\..\Include\core-AI.h" />
    <ClInclude Include="..\..\Include\core-AI\AnimationTimeline.h">
      <Filter>SkeletonAnimation\Resources</Filter>
    </ClInclude>
    <ClInclude Include="..\..\Include\core-AI\BoneSRTAnimation.h">
      <Filter>SkeletonAnimation\Resources</Filter>
    </ClInclude>
    <ClInclude Include="..\..\Include\core-AI\SkeletonAnimationController.h">
      <Filter>SkeletonAnimation</Filter>
    </ClInclude>
    <ClInclude Include="..\..\Include\core-AI\SkeletonAnimation.h">
      <Filter>SkeletonAnimation\Resources</Filter>
    </ClInclude>
    <ClInclude Include="..\..\Include\core-AI\BoneEntity.h">
      <Filter>SkeletonAnimation</Filter>
    </ClInclude>
  </ItemGroup>
  <ItemGroup>
    <ClCompile Include="MessageDispatcher.cpp">
      <Filter>MessagingSystem</Filter>
    </ClCompile>
    <ClCompile Include="BTCompositeNode.cpp">
      <Filter>ControlStructures\BehaviorTrees</Filter>
    </ClCompile>
    <ClCompile Include="BTNode.cpp">
      <Filter>ControlStructures\BehaviorTrees</Filter>
    </ClCompile>
    <ClCompile Include="BTSelectorNode.cpp">
      <Filter>ControlStructures\BehaviorTrees</Filter>
    </ClCompile>
    <ClCompile Include="BTSequenceNode.cpp">
      <Filter>ControlStructures\BehaviorTrees</Filter>
    </ClCompile>
    <ClCompile Include="PreconditionSelectionStrategy.cpp">
      <Filter>ControlStructures\BehaviorTrees\NodeSelectionStrategies</Filter>
    </ClCompile>
    <ClCompile Include="CompositeSteeringBehavior.cpp">
      <Filter>SteeringBehaviors</Filter>
    </ClCompile>
    <ClCompile Include="..\..\Include\core-AI\TypesRegistry.cpp" />
    <ClCompile Include="BoneSRTAnimation.cpp">
      <Filter>SkeletonAnimation\Resources</Filter>
    </ClCompile>
    <ClCompile Include="SkeletonAnimationController.cpp">
      <Filter>SkeletonAnimation</Filter>
    </ClCompile>
    <ClCompile Include="SkeletonAnimation.cpp">
      <Filter>SkeletonAnimation\Resources</Filter>
    </ClCompile>
    <ClCompile Include="BoneEntity.cpp">
      <Filter>SkeletonAnimation</Filter>
    </ClCompile>
  </ItemGroup>
  <ItemGroup>
    <None Include="..\..\Include\core-AI\FsmLogicStateController.inl">
      <Filter>ControlStructures\FSM</Filter>
    </None>
    <None Include="..\..\Include\core-AI\AnimationTimeline.inl">
      <Filter>SkeletonAnimation\Resources</Filter>
    </None>
  </ItemGroup>
</Project>