
Microsoft Visual Studio Solution File, Format Version 10.00
# Visual Studio 2008
Project("{8BC9CEB8-8B4A-11D0-8D11-00A0C91BC942}") = "core", "core\core.vcproj", "{4F4CEC82-B5C6-4F0E-B69B-855FA55F4B80}"
EndProject
Project("{8BC9CEB8-8B4A-11D0-8D11-00A0C91BC942}") = "core-TestFramework", "core-TestFramework\core-TestFramework.vcproj", "{3620036C-624C-4563-A5F2-C325B388B13D}"
EndProject
Project("{8BC9CEB8-8B4A-11D0-8D11-00A0C91BC942}") = "test-Core", "test-core\test-core.vcproj", "{EEA0D7E5-37D7-4197-9943-D9EBB7C62AFD}"
	ProjectSection(ProjectDependencies) = postProject
		{3620036C-624C-4563-A5F2-C325B388B13D} = {3620036C-624C-4563-A5F2-C325B388B13D}
		{4F4CEC82-B5C6-4F0E-B69B-855FA55F4B80} = {4F4CEC82-B5C6-4F0E-B69B-855FA55F4B80}
	EndProjectSection
EndProject
Project("{8BC9CEB8-8B4A-11D0-8D11-00A0C91BC942}") = "core-Renderer", "core-Renderer\core-Renderer.vcproj", "{DBCD9F77-4064-4DB9-AC18-516ED35B24CE}"
	ProjectSection(ProjectDependencies) = postProject
		{4F4CEC82-B5C6-4F0E-B69B-855FA55F4B80} = {4F4CEC82-B5C6-4F0E-B69B-855FA55F4B80}
	EndProjectSection
EndProject
Project("{8BC9CEB8-8B4A-11D0-8D11-00A0C91BC942}") = "test-Renderer", "test-Renderer\test-Renderer.vcproj", "{0FC433B8-A585-4B11-866D-39C36CE4F88B}"
	ProjectSection(ProjectDependencies) = postProject
		{3620036C-624C-4563-A5F2-C325B388B13D} = {3620036C-624C-4563-A5F2-C325B388B13D}
		{DBCD9F77-4064-4DB9-AC18-516ED35B24CE} = {DBCD9F77-4064-4DB9-AC18-516ED35B24CE}
		{4F4CEC82-B5C6-4F0E-B69B-855FA55F4B80} = {4F4CEC82-B5C6-4F0E-B69B-855FA55F4B80}
	EndProjectSection
EndProject
Project("{8BC9CEB8-8B4A-11D0-8D11-00A0C91BC942}") = "ext-MotionControllers", "ext-MotionControllers\ext-MotionControllers.vcproj", "{6259B6C0-58C1-4CDA-ADF7-4E3DA807BCA9}"
EndProject
Project("{8BC9CEB8-8B4A-11D0-8D11-00A0C91BC942}") = "app-ComplexSceneDemo", "app-ComplexSceneDemo\app-ComplexSceneDemo.vcproj", "{B8BF6062-05A0-4754-BA57-CC00348DE994}"
	ProjectSection(ProjectDependencies) = postProject
		{6258FF02-94E3-4527-89C7-ECFFAB554AEE} = {6258FF02-94E3-4527-89C7-ECFFAB554AEE}
		{DBCD9F77-4064-4DB9-AC18-516ED35B24CE} = {DBCD9F77-4064-4DB9-AC18-516ED35B24CE}
		{4F4CEC82-B5C6-4F0E-B69B-855FA55F4B80} = {4F4CEC82-B5C6-4F0E-B69B-855FA55F4B80}
		{21D9DC8E-EC3D-444C-BC7D-E7152EC3E474} = {21D9DC8E-EC3D-444C-BC7D-E7152EC3E474}
		{6259B6C0-58C1-4CDA-ADF7-4E3DA807BCA9} = {6259B6C0-58C1-4CDA-ADF7-4E3DA807BCA9}
		{DA28A8FA-DFA7-432E-A228-7CA4DDB49076} = {DA28A8FA-DFA7-432E-A228-7CA4DDB49076}
	EndProjectSection
EndProject
Project("{8BC9CEB8-8B4A-11D0-8D11-00A0C91BC942}") = "test-MotionControllers", "test-MotionControllers\test-MotionControllers.vcproj", "{3365D0B9-7305-411E-AC05-21D087F64FCB}"
	ProjectSection(ProjectDependencies) = postProject
		{3620036C-624C-4563-A5F2-C325B388B13D} = {3620036C-624C-4563-A5F2-C325B388B13D}
		{4F4CEC82-B5C6-4F0E-B69B-855FA55F4B80} = {4F4CEC82-B5C6-4F0E-B69B-855FA55F4B80}
		{6259B6C0-58C1-4CDA-ADF7-4E3DA807BCA9} = {6259B6C0-58C1-4CDA-ADF7-4E3DA807BCA9}
	EndProjectSection
EndProject
Project("{8BC9CEB8-8B4A-11D0-8D11-00A0C91BC942}") = "impl-DirectX", "impl-DirectX\impl-DirectX.vcproj", "{DA28A8FA-DFA7-432E-A228-7CA4DDB49076}"
	ProjectSection(ProjectDependencies) = postProject
		{6258FF02-94E3-4527-89C7-ECFFAB554AEE} = {6258FF02-94E3-4527-89C7-ECFFAB554AEE}
		{DBCD9F77-4064-4DB9-AC18-516ED35B24CE} = {DBCD9F77-4064-4DB9-AC18-516ED35B24CE}
		{4F4CEC82-B5C6-4F0E-B69B-855FA55F4B80} = {4F4CEC82-B5C6-4F0E-B69B-855FA55F4B80}
		{21D9DC8E-EC3D-444C-BC7D-E7152EC3E474} = {21D9DC8E-EC3D-444C-BC7D-E7152EC3E474}
	EndProjectSection
EndProject
Project("{8BC9CEB8-8B4A-11D0-8D11-00A0C91BC942}") = "core-ResourceManagement", "core-ResourceManagement\core-ResourceManagement.vcproj", "{6258FF02-94E3-4527-89C7-ECFFAB554AEE}"
EndProject
Project("{8BC9CEB8-8B4A-11D0-8D11-00A0C91BC942}") = "test-ResourceManagement", "test-ResourceManagement\test-ResourceManagement.vcproj", "{DCB889DF-FFED-4CAE-9620-B1A26573E249}"
	ProjectSection(ProjectDependencies) = postProject
		{6258FF02-94E3-4527-89C7-ECFFAB554AEE} = {6258FF02-94E3-4527-89C7-ECFFAB554AEE}
		{3620036C-624C-4563-A5F2-C325B388B13D} = {3620036C-624C-4563-A5F2-C325B388B13D}
		{DBCD9F77-4064-4DB9-AC18-516ED35B24CE} = {DBCD9F77-4064-4DB9-AC18-516ED35B24CE}
		{4F4CEC82-B5C6-4F0E-B69B-855FA55F4B80} = {4F4CEC82-B5C6-4F0E-B69B-855FA55F4B80}
	EndProjectSection
EndProject
Project("{8BC9CEB8-8B4A-11D0-8D11-00A0C91BC942}") = "core-Animation", "core-Animation\core-Animation.vcproj", "{21D9DC8E-EC3D-444C-BC7D-E7152EC3E474}"
	ProjectSection(ProjectDependencies) = postProject
		{4F4CEC82-B5C6-4F0E-B69B-855FA55F4B80} = {4F4CEC82-B5C6-4F0E-B69B-855FA55F4B80}
	EndProjectSection
EndProject
Project("{8BC9CEB8-8B4A-11D0-8D11-00A0C91BC942}") = "test-Animation", "test-Animation\test-Animation.vcproj", "{194BF0F5-2B4C-43CB-9C29-C9483288D24A}"
	ProjectSection(ProjectDependencies) = postProject
		{3620036C-624C-4563-A5F2-C325B388B13D} = {3620036C-624C-4563-A5F2-C325B388B13D}
		{4F4CEC82-B5C6-4F0E-B69B-855FA55F4B80} = {4F4CEC82-B5C6-4F0E-B69B-855FA55F4B80}
		{21D9DC8E-EC3D-444C-BC7D-E7152EC3E474} = {21D9DC8E-EC3D-444C-BC7D-E7152EC3E474}
	EndProjectSection
EndProject
Global
	GlobalSection(SolutionConfigurationPlatforms) = preSolution
		Debug|Win32 = Debug|Win32
		Release|Win32 = Release|Win32
		Test|Win32 = Test|Win32
	EndGlobalSection
	GlobalSection(ProjectConfigurationPlatforms) = postSolution
		{4F4CEC82-B5C6-4F0E-B69B-855FA55F4B80}.Debug|Win32.ActiveCfg = Debug|Win32
		{4F4CEC82-B5C6-4F0E-B69B-855FA55F4B80}.Debug|Win32.Build.0 = Debug|Win32
		{4F4CEC82-B5C6-4F0E-B69B-855FA55F4B80}.Release|Win32.ActiveCfg = Release|Win32
		{4F4CEC82-B5C6-4F0E-B69B-855FA55F4B80}.Release|Win32.Build.0 = Release|Win32
		{4F4CEC82-B5C6-4F0E-B69B-855FA55F4B80}.Test|Win32.ActiveCfg = Release|Win32
		{4F4CEC82-B5C6-4F0E-B69B-855FA55F4B80}.Test|Win32.Build.0 = Release|Win32
		{3620036C-624C-4563-A5F2-C325B388B13D}.Debug|Win32.ActiveCfg = Debug|Win32
		{3620036C-624C-4563-A5F2-C325B388B13D}.Debug|Win32.Build.0 = Debug|Win32
		{3620036C-624C-4563-A5F2-C325B388B13D}.Release|Win32.ActiveCfg = Release|Win32
		{3620036C-624C-4563-A5F2-C325B388B13D}.Release|Win32.Build.0 = Release|Win32
		{3620036C-624C-4563-A5F2-C325B388B13D}.Test|Win32.ActiveCfg = Release|Win32
		{3620036C-624C-4563-A5F2-C325B388B13D}.Test|Win32.Build.0 = Release|Win32
		{EEA0D7E5-37D7-4197-9943-D9EBB7C62AFD}.Debug|Win32.ActiveCfg = Debug|Win32
		{EEA0D7E5-37D7-4197-9943-D9EBB7C62AFD}.Debug|Win32.Build.0 = Debug|Win32
		{EEA0D7E5-37D7-4197-9943-D9EBB7C62AFD}.Release|Win32.ActiveCfg = Release|Win32
		{EEA0D7E5-37D7-4197-9943-D9EBB7C62AFD}.Release|Win32.Build.0 = Release|Win32
		{EEA0D7E5-37D7-4197-9943-D9EBB7C62AFD}.Test|Win32.ActiveCfg = Release|Win32
		{EEA0D7E5-37D7-4197-9943-D9EBB7C62AFD}.Test|Win32.Build.0 = Release|Win32
		{DBCD9F77-4064-4DB9-AC18-516ED35B24CE}.Debug|Win32.ActiveCfg = Debug|Win32
		{DBCD9F77-4064-4DB9-AC18-516ED35B24CE}.Debug|Win32.Build.0 = Debug|Win32
		{DBCD9F77-4064-4DB9-AC18-516ED35B24CE}.Release|Win32.ActiveCfg = Release|Win32
		{DBCD9F77-4064-4DB9-AC18-516ED35B24CE}.Release|Win32.Build.0 = Release|Win32
		{DBCD9F77-4064-4DB9-AC18-516ED35B24CE}.Test|Win32.ActiveCfg = Release|Win32
		{DBCD9F77-4064-4DB9-AC18-516ED35B24CE}.Test|Win32.Build.0 = Release|Win32
		{0FC433B8-A585-4B11-866D-39C36CE4F88B}.Debug|Win32.ActiveCfg = Debug|Win32
		{0FC433B8-A585-4B11-866D-39C36CE4F88B}.Debug|Win32.Build.0 = Debug|Win32
		{0FC433B8-A585-4B11-866D-39C36CE4F88B}.Release|Win32.ActiveCfg = Release|Win32
		{0FC433B8-A585-4B11-866D-39C36CE4F88B}.Release|Win32.Build.0 = Release|Win32
		{0FC433B8-A585-4B11-866D-39C36CE4F88B}.Test|Win32.ActiveCfg = Release|Win32
		{0FC433B8-A585-4B11-866D-39C36CE4F88B}.Test|Win32.Build.0 = Release|Win32
		{6259B6C0-58C1-4CDA-ADF7-4E3DA807BCA9}.Debug|Win32.ActiveCfg = Debug|Win32
		{6259B6C0-58C1-4CDA-ADF7-4E3DA807BCA9}.Debug|Win32.Build.0 = Debug|Win32
		{6259B6C0-58C1-4CDA-ADF7-4E3DA807BCA9}.Release|Win32.ActiveCfg = Release|Win32
		{6259B6C0-58C1-4CDA-ADF7-4E3DA807BCA9}.Release|Win32.Build.0 = Release|Win32
		{6259B6C0-58C1-4CDA-ADF7-4E3DA807BCA9}.Test|Win32.ActiveCfg = Release|Win32
		{6259B6C0-58C1-4CDA-ADF7-4E3DA807BCA9}.Test|Win32.Build.0 = Release|Win32
		{B8BF6062-05A0-4754-BA57-CC00348DE994}.Debug|Win32.ActiveCfg = Debug|Win32
		{B8BF6062-05A0-4754-BA57-CC00348DE994}.Debug|Win32.Build.0 = Debug|Win32
		{B8BF6062-05A0-4754-BA57-CC00348DE994}.Release|Win32.ActiveCfg = Release|Win32
		{B8BF6062-05A0-4754-BA57-CC00348DE994}.Release|Win32.Build.0 = Release|Win32
		{B8BF6062-05A0-4754-BA57-CC00348DE994}.Test|Win32.ActiveCfg = Release|Win32
		{B8BF6062-05A0-4754-BA57-CC00348DE994}.Test|Win32.Build.0 = Release|Win32
		{3365D0B9-7305-411E-AC05-21D087F64FCB}.Debug|Win32.ActiveCfg = Debug|Win32
		{3365D0B9-7305-411E-AC05-21D087F64FCB}.Debug|Win32.Build.0 = Debug|Win32
		{3365D0B9-7305-411E-AC05-21D087F64FCB}.Release|Win32.ActiveCfg = Release|Win32
		{3365D0B9-7305-411E-AC05-21D087F64FCB}.Release|Win32.Build.0 = Release|Win32
		{3365D0B9-7305-411E-AC05-21D087F64FCB}.Test|Win32.ActiveCfg = Release|Win32
		{3365D0B9-7305-411E-AC05-21D087F64FCB}.Test|Win32.Build.0 = Release|Win32
		{DA28A8FA-DFA7-432E-A228-7CA4DDB49076}.Debug|Win32.ActiveCfg = Debug|Win32
		{DA28A8FA-DFA7-432E-A228-7CA4DDB49076}.Debug|Win32.Build.0 = Debug|Win32
		{DA28A8FA-DFA7-432E-A228-7CA4DDB49076}.Release|Win32.ActiveCfg = Release|Win32
		{DA28A8FA-DFA7-432E-A228-7CA4DDB49076}.Release|Win32.Build.0 = Release|Win32
		{DA28A8FA-DFA7-432E-A228-7CA4DDB49076}.Test|Win32.ActiveCfg = Release|Win32
		{DA28A8FA-DFA7-432E-A228-7CA4DDB49076}.Test|Win32.Build.0 = Release|Win32
		{6258FF02-94E3-4527-89C7-ECFFAB554AEE}.Debug|Win32.ActiveCfg = Debug|Win32
		{6258FF02-94E3-4527-89C7-ECFFAB554AEE}.Debug|Win32.Build.0 = Debug|Win32
		{6258FF02-94E3-4527-89C7-ECFFAB554AEE}.Release|Win32.ActiveCfg = Release|Win32
		{6258FF02-94E3-4527-89C7-ECFFAB554AEE}.Release|Win32.Build.0 = Release|Win32
		{6258FF02-94E3-4527-89C7-ECFFAB554AEE}.Test|Win32.ActiveCfg = Release|Win32
		{6258FF02-94E3-4527-89C7-ECFFAB554AEE}.Test|Win32.Build.0 = Release|Win32
		{DCB889DF-FFED-4CAE-9620-B1A26573E249}.Debug|Win32.ActiveCfg = Debug|Win32
		{DCB889DF-FFED-4CAE-9620-B1A26573E249}.Debug|Win32.Build.0 = Debug|Win32
		{DCB889DF-FFED-4CAE-9620-B1A26573E249}.Release|Win32.ActiveCfg = Release|Win32
		{DCB889DF-FFED-4CAE-9620-B1A26573E249}.Release|Win32.Build.0 = Release|Win32
		{DCB889DF-FFED-4CAE-9620-B1A26573E249}.Test|Win32.ActiveCfg = Release|Win32
		{DCB889DF-FFED-4CAE-9620-B1A26573E249}.Test|Win32.Build.0 = Release|Win32
		{21D9DC8E-EC3D-444C-BC7D-E7152EC3E474}.Debug|Win32.ActiveCfg = Debug|Win32
		{21D9DC8E-EC3D-444C-BC7D-E7152EC3E474}.Debug|Win32.Build.0 = Debug|Win32
		{21D9DC8E-EC3D-444C-BC7D-E7152EC3E474}.Release|Win32.ActiveCfg = Release|Win32
		{21D9DC8E-EC3D-444C-BC7D-E7152EC3E474}.Release|Win32.Build.0 = Release|Win32
		{21D9DC8E-EC3D-444C-BC7D-E7152EC3E474}.Test|Win32.ActiveCfg = Release|Win32
		{21D9DC8E-EC3D-444C-BC7D-E7152EC3E474}.Test|Win32.Build.0 = Release|Win32
		{194BF0F5-2B4C-43CB-9C29-C9483288D24A}.Debug|Win32.ActiveCfg = Debug|Win32
		{194BF0F5-2B4C-43CB-9C29-C9483288D24A}.Debug|Win32.Build.0 = Debug|Win32
		{194BF0F5-2B4C-43CB-9C29-C9483288D24A}.Release|Win32.ActiveCfg = Release|Win32
		{194BF0F5-2B4C-43CB-9C29-C9483288D24A}.Release|Win32.Build.0 = Release|Win32
		{194BF0F5-2B4C-43CB-9C29-C9483288D24A}.Test|Win32.ActiveCfg = Release|Win32
		{194BF0F5-2B4C-43CB-9C29-C9483288D24A}.Test|Win32.Build.0 = Release|Win32
	EndGlobalSection
	GlobalSection(SolutionProperties) = preSolution
		HideSolutionNode = FALSE
	EndGlobalSection
EndGlobal
