<?xml version="1.0" encoding="utf-8"?>
<Project ToolsVersion="4.0" xmlns="http://schemas.microsoft.com/developer/msbuild/2003">
  <ItemGroup>
    <Filter Include="Effects">
      <UniqueIdentifier>{18448573-3296-4c93-9584-7222ad1bce66}</UniqueIdentifier>
    </Filter>
    <Filter Include="Core">
      <UniqueIdentifier>{81a310df-1a84-43cb-ad7c-0164a55459ed}</UniqueIdentifier>
    </Filter>
    <Filter Include="Tools">
      <UniqueIdentifier>{ec716647-fce2-4f1a-a57b-7417ca64819e}</UniqueIdentifier>
    </Filter>
    <Filter Include="Tools\ProjectionCalculators">
      <UniqueIdentifier>{748a440c-5adb-4c1d-80b1-c3089a381123}</UniqueIdentifier>
    </Filter>
    <Filter Include="Initialization">
      <UniqueIdentifier>{de1812a5-f234-4156-80c9-4e01c393c2ad}</UniqueIdentifier>
    </Filter>
    <Filter Include="Initialization\Simple">
      <UniqueIdentifier>{60f9ab6c-b0b8-459f-92d5-fba412bf758b}</UniqueIdentifier>
    </Filter>
    <Filter Include="Materials">
      <UniqueIdentifier>{6d2e42ba-ea7e-47dc-bcb6-99e005776d93}</UniqueIdentifier>
    </Filter>
    <Filter Include="OverlayRenderer">
      <UniqueIdentifier>{b356757b-adc7-4be2-a1ed-247c79d751d8}</UniqueIdentifier>
    </Filter>
    <Filter Include="OverlayRenderer\Mechanism">
      <UniqueIdentifier>{00f2694b-d7e3-44dd-a5ee-56d0cc5cba1e}</UniqueIdentifier>
    </Filter>
    <Filter Include="OverlayRenderer\Elements">
      <UniqueIdentifier>{e788649b-7b14-4322-8f63-2ae1d57c10bb}</UniqueIdentifier>
    </Filter>
    <Filter Include="Scene">
      <UniqueIdentifier>{60fc8284-5482-49ed-b73b-75d774ea83c6}</UniqueIdentifier>
    </Filter>
    <Filter Include="Scene\Entities">
      <UniqueIdentifier>{794a9a83-d410-4599-b1ed-8dc38016a3ee}</UniqueIdentifier>
    </Filter>
    <Filter Include="Scene\Views">
      <UniqueIdentifier>{bbcfb446-ce4a-4c00-898c-8c4dd0821f73}</UniqueIdentifier>
    </Filter>
    <Filter Include="Scene\Views\RenderingView">
      <UniqueIdentifier>{b8462dc0-2baa-4dc4-ae07-85d88d10e6f6}</UniqueIdentifier>
    </Filter>
    <Filter Include="Scene\Views\SpatialView">
      <UniqueIdentifier>{84514925-a186-42f6-b881-24213372128c}</UniqueIdentifier>
    </Filter>
    <Filter Include="Scene\Attributes">
      <UniqueIdentifier>{b1f3ce20-ef71-4896-a5ac-6c186f097d3b}</UniqueIdentifier>
    </Filter>
    <Filter Include="Scene\AttributeSorters">
      <UniqueIdentifier>{5b9c7ef5-b042-4d94-a5b4-bf73358f9abd}</UniqueIdentifier>
    </Filter>
    <Filter Include="Geometry">
      <UniqueIdentifier>{5bd9a96f-320d-4930-8c4a-2ed358c34b07}</UniqueIdentifier>
    </Filter>
    <Filter Include="Geometry\Resources">
      <UniqueIdentifier>{90bfe15a-4fe7-44de-b30d-25aa634289b0}</UniqueIdentifier>
    </Filter>
    <Filter Include="Geometry\Entities">
      <UniqueIdentifier>{ef16875f-4c74-4a38-9f87-4568354f62b0}</UniqueIdentifier>
    </Filter>
    <Filter Include="Effects\Entities">
      <UniqueIdentifier>{7891e001-1b81-4b57-a71e-9945c3731940}</UniqueIdentifier>
    </Filter>
    <Filter Include="Geometry\Shaders">
      <UniqueIdentifier>{1c8e67c7-3872-408a-bf1f-3146cc6b2aeb}</UniqueIdentifier>
    </Filter>
    <Filter Include="Materials\Resources">
      <UniqueIdentifier>{46c48c5f-a2a1-40ee-a254-5d4b8bf5c0e4}</UniqueIdentifier>
    </Filter>
    <Filter Include="Geometry\Core">
      <UniqueIdentifier>{56299d89-a619-4ae9-9206-55cd8d42df67}</UniqueIdentifier>
    </Filter>
    <Filter Include="Materials\Shaders">
      <UniqueIdentifier>{d4502db5-c145-4ea8-ac4a-5bdbfb4c4e0c}</UniqueIdentifier>
    </Filter>
    <Filter Include="Materials\Entities">
      <UniqueIdentifier>{f446a617-128e-4ab8-aa1b-c3da1f2b37de}</UniqueIdentifier>
    </Filter>
    <Filter Include="Effects\Resources">
      <UniqueIdentifier>{9885c467-2a83-46d5-b474-1a1573c3059d}</UniqueIdentifier>
    </Filter>
    <Filter Include="Renderers">
      <UniqueIdentifier>{9b46f48d-dd62-4541-a1d5-88ec2aa760a3}</UniqueIdentifier>
    </Filter>
    <Filter Include="Renderers\HDR">
      <UniqueIdentifier>{a844b996-76fd-4f98-9e06-85837df10072}</UniqueIdentifier>
    </Filter>
  </ItemGroup>
  <ItemGroup>
    <ClCompile Include="CompositeRenderingMechanism.cpp">
      <Filter>Core</Filter>
    </ClCompile>
    <ClCompile Include="Renderer.cpp">
      <Filter>Core</Filter>
    </ClCompile>
    <ClCompile Include="Camera.cpp">
      <Filter>Tools</Filter>
    </ClCompile>
    <ClCompile Include="Light.cpp">
      <Filter>Tools</Filter>
    </ClCompile>
    <ClCompile Include="ProjCalc2D.cpp">
      <Filter>Tools\ProjectionCalculators</Filter>
    </ClCompile>
    <ClCompile Include="ProjCalc3D.cpp">
      <Filter>Tools\ProjectionCalculators</Filter>
    </ClCompile>
    <ClCompile Include="DeviceFilter.cpp">
      <Filter>Initialization</Filter>
    </ClCompile>
    <ClCompile Include="RenderDevicesEnumerator.cpp">
      <Filter>Initialization</Filter>
    </ClCompile>
    <ClCompile Include="RenderingDevice.cpp">
      <Filter>Initialization</Filter>
    </ClCompile>
    <ClCompile Include="BestFullScreenDevice.cpp">
      <Filter>Initialization\Simple</Filter>
    </ClCompile>
    <ClCompile Include="BestWindowedDevice.cpp">
      <Filter>Initialization\Simple</Filter>
    </ClCompile>
    <ClCompile Include="SimpleTamyConfigurator.cpp">
      <Filter>Initialization\Simple</Filter>
    </ClCompile>
    <ClCompile Include="OverlayRenderingMechanism.cpp">
      <Filter>OverlayRenderer\Mechanism</Filter>
    </ClCompile>
    <ClCompile Include="Font.cpp">
      <Filter>OverlayRenderer\Elements</Filter>
    </ClCompile>
    <ClCompile Include="TextField.cpp">
      <Filter>OverlayRenderer\Elements</Filter>
    </ClCompile>
    <ClCompile Include="RenderableRepresentation.cpp">
      <Filter>Scene\Views\RenderingView</Filter>
    </ClCompile>
    <ClCompile Include="RenderingView.cpp">
      <Filter>Scene\Views\RenderingView</Filter>
    </ClCompile>
    <ClCompile Include="DefaultAttributeSorter.cpp">
      <Filter>Scene\AttributeSorters</Filter>
    </ClCompile>
    <ClCompile Include="SpatialRepresentation.cpp">
      <Filter>Scene\Views\SpatialView</Filter>
    </ClCompile>
    <ClCompile Include="SpatialView.cpp">
      <Filter>Scene\Views\SpatialView</Filter>
    </ClCompile>
    <ClCompile Include="RenderingPass.cpp">
      <Filter>Scene</Filter>
    </ClCompile>
    <ClCompile Include="VisibilityPass.cpp">
      <Filter>Scene</Filter>
    </ClCompile>
    <ClCompile Include="RenderTarget.cpp">
      <Filter>Scene</Filter>
    </ClCompile>
    <ClCompile Include="SceneRenderingPass.cpp">
      <Filter>Scene</Filter>
    </ClCompile>
    <ClCompile Include="SpatialEntity.cpp">
      <Filter>Scene\Entities</Filter>
    </ClCompile>
    <ClCompile Include="LineSegments.cpp">
      <Filter>Geometry\Resources</Filter>
    </ClCompile>
    <ClCompile Include="TriangleMesh.cpp">
      <Filter>Geometry\Resources</Filter>
    </ClCompile>
    <ClCompile Include="GeometryResource.cpp">
      <Filter>Geometry\Resources</Filter>
    </ClCompile>
    <ClCompile Include="Skeleton.cpp">
      <Filter>Geometry\Resources</Filter>
    </ClCompile>
    <ClCompile Include="SkinnedGeometry.cpp">
      <Filter>Geometry\Entities</Filter>
    </ClCompile>
    <ClCompile Include="SingleTextureEffect.cpp">
      <Filter>Effects\Entities</Filter>
    </ClCompile>
    <ClCompile Include="Material.cpp">
      <Filter>Materials\Resources</Filter>
    </ClCompile>
    <ClCompile Include="Texture.cpp">
      <Filter>Materials\Resources</Filter>
    </ClCompile>
    <ClCompile Include="Geometry.cpp">
      <Filter>Geometry\Core</Filter>
    </ClCompile>
    <ClCompile Include="LitVertex.cpp">
      <Filter>Geometry\Core</Filter>
    </ClCompile>
    <ClCompile Include="StaticGeometry.cpp">
      <Filter>Geometry\Entities</Filter>
    </ClCompile>
    <ClCompile Include="SingleTextureMaterial.cpp">
      <Filter>Materials\Entities</Filter>
    </ClCompile>
    <ClCompile Include="VertexDescriptions.cpp">
      <Filter>Geometry\Entities</Filter>
    </ClCompile>
    <ClCompile Include="PixelShader.cpp">
      <Filter>Materials\Resources</Filter>
    </ClCompile>
    <ClCompile Include="VertexShader.cpp">
      <Filter>Geometry\Resources</Filter>
    </ClCompile>
    <ClCompile Include="EffectShader.cpp">
      <Filter>Effects\Resources</Filter>
    </ClCompile>
    <ClCompile Include="HDRPipeline.cpp">
      <Filter>Renderers\HDR</Filter>
    </ClCompile>
    <ClCompile Include="FullscreenQuad.cpp">
      <Filter>Geometry\Entities</Filter>
    </ClCompile>
    <ClCompile Include="RenderingPipeline.cpp">
      <Filter>Core</Filter>
    </ClCompile>
  </ItemGroup>
  <ItemGroup>
    <None Include="..\..\Include\core-Renderer\Renderer.inl">
      <Filter>Core</Filter>
    </None>
    <None Include="..\..\Include\core-Renderer\RendererObject.inl">
      <Filter>Core</Filter>
    </None>
    <None Include="..\..\Include\core-Renderer\Light.inl">
      <Filter>Tools</Filter>
    </None>
    <None Include="..\..\Include\core-Renderer\AttributeSorterNode.inl">
      <Filter>Scene\AttributeSorters</Filter>
    </None>
    <None Include="..\..\Include\core-Renderer\LeafAttributeSorter.inl">
      <Filter>Scene\AttributeSorters</Filter>
    </None>
    <None Include="..\..\Include\core-Renderer\LineSegments.inl">
      <Filter>Geometry\Resources</Filter>
    </None>
    <None Include="..\..\Include\core-Renderer\TriangleMesh.inl">
      <Filter>Geometry\Resources</Filter>
    </None>
    <None Include="..\..\..\Assets\Renderer\Shaders\SingleTextureEffect.fx">
      <Filter>Effects\Entities</Filter>
    </None>
    <None Include="..\..\..\Assets\Renderer\Shaders\SkinnedGeometry.vsh">
      <Filter>Geometry\Shaders</Filter>
    </None>
    <None Include="..\..\..\Assets\Renderer\Shaders\StaticGeometry.vsh">
      <Filter>Geometry\Shaders</Filter>
    </None>
    <None Include="..\..\..\Assets\Renderer\Shaders\MaterialShader.psh">
      <Filter>Materials\Shaders</Filter>
    </None>
    <None Include="..\..\..\Assets\Renderer\Shaders\HDRPipeline\Postprocess.psh">
      <Filter>Renderers\HDR</Filter>
    </None>
    <None Include="..\..\..\Assets\Renderer\Shaders\HDRPipeline\Luminance.psh">
      <Filter>Renderers\HDR</Filter>
    </None>
    <None Include="..\..\..\Assets\Renderer\Shaders\HDRPipeline\FinalPass.psh">
      <Filter>Renderers\HDR</Filter>
    </None>
  </ItemGroup>
  <ItemGroup>
    <ClInclude Include="..\..\Include\core-Renderer\CompositeRenderingMechanism.h">
      <Filter>Core</Filter>
    </ClInclude>
    <ClInclude Include="..\..\Include\core-Renderer\Renderer.h">
      <Filter>Core</Filter>
    </ClInclude>
    <ClInclude Include="..\..\Include\core-Renderer\RendererObject.h">
      <Filter>Core</Filter>
    </ClInclude>
    <ClInclude Include="..\..\Include\core-Renderer\RendererObjectImpl.h">
      <Filter>Core</Filter>
    </ClInclude>
    <ClInclude Include="..\..\Include\core-Renderer\RenderingMechanism.h">
      <Filter>Core</Filter>
    </ClInclude>
    <ClInclude Include="..\..\Include\core-Renderer\Camera.h">
      <Filter>Tools</Filter>
    </ClInclude>
    <ClInclude Include="..\..\Include\core-Renderer\Light.h">
      <Filter>Tools</Filter>
    </ClInclude>
    <ClInclude Include="..\..\Include\core-Renderer\ProjectionCalculator.h">
      <Filter>Tools</Filter>
    </ClInclude>
    <ClInclude Include="..\..\Include\core-Renderer\ProjCalc2D.h">
      <Filter>Tools\ProjectionCalculators</Filter>
    </ClInclude>
    <ClInclude Include="..\..\Include\core-Renderer\ProjCalc3D.h">
      <Filter>Tools\ProjectionCalculators</Filter>
    </ClInclude>
    <ClInclude Include="..\..\Include\core-Renderer\DeviceFilter.h">
      <Filter>Initialization</Filter>
    </ClInclude>
    <ClInclude Include="..\..\Include\core-Renderer\DeviceFilterElem.h">
      <Filter>Initialization</Filter>
    </ClInclude>
    <ClInclude Include="..\..\Include\core-Renderer\DevicesSorter.h">
      <Filter>Initialization</Filter>
    </ClInclude>
    <ClInclude Include="..\..\Include\core-Renderer\RenderDevicesEnumerator.h">
      <Filter>Initialization</Filter>
    </ClInclude>
    <ClInclude Include="..\..\Include\core-Renderer\RenderingDevice.h">
      <Filter>Initialization</Filter>
    </ClInclude>
    <ClInclude Include="..\..\Include\core-Renderer\BestFullScreenDevice.h">
      <Filter>Initialization\Simple</Filter>
    </ClInclude>
    <ClInclude Include="..\..\Include\core-Renderer\BestWindowedDevice.h">
      <Filter>Initialization\Simple</Filter>
    </ClInclude>
    <ClInclude Include="..\..\Include\core-Renderer\DevTypeFilter.h">
      <Filter>Initialization\Simple</Filter>
    </ClInclude>
    <ClInclude Include="..\..\Include\core-Renderer\FullScreenModeFilter.h">
      <Filter>Initialization\Simple</Filter>
    </ClInclude>
    <ClInclude Include="..\..\Include\core-Renderer\ResolutionFilter.h">
      <Filter>Initialization\Simple</Filter>
    </ClInclude>
    <ClInclude Include="..\..\Include\core-Renderer\SimpleTamyConfigurator.h">
      <Filter>Initialization\Simple</Filter>
    </ClInclude>
    <ClInclude Include="..\..\Include\core-Renderer\Overlay.h">
      <Filter>OverlayRenderer\Mechanism</Filter>
    </ClInclude>
    <ClInclude Include="..\..\Include\core-Renderer\OverlayRenderingMechanism.h">
      <Filter>OverlayRenderer\Mechanism</Filter>
    </ClInclude>
    <ClInclude Include="..\..\Include\core-Renderer\Font.h">
      <Filter>OverlayRenderer\Elements</Filter>
    </ClInclude>
    <ClInclude Include="..\..\Include\core-Renderer\TextField.h">
      <Filter>OverlayRenderer\Elements</Filter>
    </ClInclude>
    <ClInclude Include="..\..\Include\core-Renderer\RenderableRepresentation.h">
      <Filter>Scene\Views\RenderingView</Filter>
    </ClInclude>
    <ClInclude Include="..\..\Include\core-Renderer\RenderingView.h">
      <Filter>Scene\Views\RenderingView</Filter>
    </ClInclude>
    <ClInclude Include="..\..\Include\core-Renderer\AttributeSorterNode.h">
      <Filter>Scene\AttributeSorters</Filter>
    </ClInclude>
    <ClInclude Include="..\..\Include\core-Renderer\DefaultAttributeSorter.h">
      <Filter>Scene\AttributeSorters</Filter>
    </ClInclude>
    <ClInclude Include="..\..\Include\core-Renderer\LeafAttributeSorter.h">
      <Filter>Scene\AttributeSorters</Filter>
    </ClInclude>
    <ClInclude Include="..\..\Include\core-Renderer\TransparencyAttribute.h">
      <Filter>Scene\Attributes</Filter>
    </ClInclude>
    <ClInclude Include="..\..\Include\core-Renderer\UniqueObjectAttribute.h">
      <Filter>Scene\Attributes</Filter>
    </ClInclude>
    <ClInclude Include="..\..\Include\core-Renderer\CameraContext.h">
      <Filter>Scene\Views\SpatialView</Filter>
    </ClInclude>
    <ClInclude Include="..\..\Include\core-Renderer\SpatialRepresentation.h">
      <Filter>Scene\Views\SpatialView</Filter>
    </ClInclude>
    <ClInclude Include="..\..\Include\core-Renderer\SpatialView.h">
      <Filter>Scene\Views\SpatialView</Filter>
    </ClInclude>
    <ClInclude Include="..\..\Include\core-Renderer.h" />
    <ClInclude Include="..\..\Include\core-Renderer\RenderingPass.h">
      <Filter>Scene</Filter>
    </ClInclude>
    <ClInclude Include="..\..\Include\core-Renderer\VisibilityPass.h">
      <Filter>Scene</Filter>
    </ClInclude>
    <ClInclude Include="..\..\Include\core-Renderer\RenderTarget.h">
      <Filter>Scene</Filter>
    </ClInclude>
    <ClInclude Include="..\..\Include\core-Renderer\SceneRenderingPass.h">
      <Filter>Scene</Filter>
    </ClInclude>
    <ClInclude Include="..\..\Include\core-Renderer\AttributeSorter.h">
      <Filter>Scene</Filter>
    </ClInclude>
    <ClInclude Include="..\..\Include\core-Renderer\SpatialEntity.h">
      <Filter>Scene\Entities</Filter>
    </ClInclude>
    <ClInclude Include="..\..\Include\core-Renderer\LineSegments.h">
      <Filter>Geometry\Resources</Filter>
    </ClInclude>
    <ClInclude Include="..\..\Include\core-Renderer\TriangleMesh.h">
      <Filter>Geometry\Resources</Filter>
    </ClInclude>
    <ClInclude Include="..\..\Include\core-Renderer\GeometryResource.h">
      <Filter>Geometry\Resources</Filter>
    </ClInclude>
    <ClInclude Include="..\..\Include\core-Renderer\Skeleton.h">
      <Filter>Geometry\Resources</Filter>
    </ClInclude>
    <ClInclude Include="..\..\Include\core-Renderer\SkinnedGeometry.h">
      <Filter>Geometry\Entities</Filter>
    </ClInclude>
    <ClInclude Include="..\..\Include\core-Renderer\SingleTextureEffect.h">
      <Filter>Effects\Entities</Filter>
    </ClInclude>
    <ClInclude Include="..\..\Include\core-Renderer\Texture.h">
      <Filter>Materials\Resources</Filter>
    </ClInclude>
    <ClInclude Include="..\..\Include\core-Renderer\Material.h">
      <Filter>Materials\Resources</Filter>
    </ClInclude>
    <ClInclude Include="..\..\Include\core-Renderer\Geometry.h">
      <Filter>Geometry\Core</Filter>
    </ClInclude>
    <ClInclude Include="..\..\Include\core-Renderer\Face.h">
      <Filter>Geometry\Core</Filter>
    </ClInclude>
    <ClInclude Include="..\..\Include\core-Renderer\LitVertex.h">
      <Filter>Geometry\Core</Filter>
    </ClInclude>
    <ClInclude Include="..\..\Include\core-Renderer\StaticGeometry.h">
      <Filter>Geometry\Entities</Filter>
    </ClInclude>
    <ClInclude Include="..\..\Include\core-Renderer\EffectAttribute.h">
      <Filter>Scene</Filter>
    </ClInclude>
    <ClInclude Include="..\..\Include\core-Renderer\Renderable.h">
      <Filter>Scene\Views</Filter>
    </ClInclude>
    <ClInclude Include="..\..\Include\core-Renderer\SingleTextureMaterial.h">
      <Filter>Materials\Entities</Filter>
    </ClInclude>
    <ClInclude Include="..\..\Include\core-Renderer\VertexDescriptions.h">
      <Filter>Geometry\Entities</Filter>
    </ClInclude>
    <ClInclude Include="..\..\Include\core-Renderer\PixelShader.h">
      <Filter>Materials\Resources</Filter>
    </ClInclude>
    <ClInclude Include="..\..\Include\core-Renderer\ShaderTexture.h">
      <Filter>Materials\Resources</Filter>
    </ClInclude>
    <ClInclude Include="..\..\Include\core-Renderer\VertexShader.h">
      <Filter>Geometry\Resources</Filter>
    </ClInclude>
    <ClInclude Include="..\..\Include\core-Renderer\EffectShader.h">
      <Filter>Effects\Resources</Filter>
    </ClInclude>
    <ClInclude Include="..\..\Include\core-Renderer\VertexArray.h">
      <Filter>Geometry\Core</Filter>
    </ClInclude>
    <ClInclude Include="..\..\Include\core-Renderer\HDRPipeline.h">
      <Filter>Renderers\HDR</Filter>
    </ClInclude>
    <ClInclude Include="..\..\Include\core-Renderer\FullscreenQuad.h">
      <Filter>Geometry\Entities</Filter>
    </ClInclude>
    <ClInclude Include="..\..\Include\core-Renderer\RenderingPipeline.h">
      <Filter>Core</Filter>
    </ClInclude>
  </ItemGroup>
</Project>