<?xml version="1.0" encoding="utf-8"?>
<Project ToolsVersion="4.0" xmlns="http://schemas.microsoft.com/developer/msbuild/2003">
  <ItemGroup>
    <Filter Include="Effects">
      <UniqueIdentifier>{18448573-3296-4c93-9584-7222ad1bce66}</UniqueIdentifier>
    </Filter>
    <Filter Include="Core">
      <UniqueIdentifier>{81a310df-1a84-43cb-ad7c-0164a55459ed}</UniqueIdentifier>
    </Filter>
    <Filter Include="Initialization">
      <UniqueIdentifier>{de1812a5-f234-4156-80c9-4e01c393c2ad}</UniqueIdentifier>
    </Filter>
    <Filter Include="Initialization\Simple">
      <UniqueIdentifier>{60f9ab6c-b0b8-459f-92d5-fba412bf758b}</UniqueIdentifier>
    </Filter>
    <Filter Include="Materials">
      <UniqueIdentifier>{6d2e42ba-ea7e-47dc-bcb6-99e005776d93}</UniqueIdentifier>
    </Filter>
    <Filter Include="Geometry">
      <UniqueIdentifier>{5bd9a96f-320d-4930-8c4a-2ed358c34b07}</UniqueIdentifier>
    </Filter>
    <Filter Include="Geometry\Resources">
      <UniqueIdentifier>{90bfe15a-4fe7-44de-b30d-25aa634289b0}</UniqueIdentifier>
    </Filter>
    <Filter Include="Geometry\Entities">
      <UniqueIdentifier>{ef16875f-4c74-4a38-9f87-4568354f62b0}</UniqueIdentifier>
    </Filter>
    <Filter Include="Effects\Entities">
      <UniqueIdentifier>{7891e001-1b81-4b57-a71e-9945c3731940}</UniqueIdentifier>
    </Filter>
    <Filter Include="Materials\Resources">
      <UniqueIdentifier>{46c48c5f-a2a1-40ee-a254-5d4b8bf5c0e4}</UniqueIdentifier>
    </Filter>
    <Filter Include="Geometry\Core">
      <UniqueIdentifier>{56299d89-a619-4ae9-9206-55cd8d42df67}</UniqueIdentifier>
    </Filter>
    <Filter Include="Materials\Entities">
      <UniqueIdentifier>{f446a617-128e-4ab8-aa1b-c3da1f2b37de}</UniqueIdentifier>
    </Filter>
    <Filter Include="Effects\Resources">
      <UniqueIdentifier>{9885c467-2a83-46d5-b474-1a1573c3059d}</UniqueIdentifier>
    </Filter>
    <Filter Include="Mechanisms">
      <UniqueIdentifier>{276eb3c8-13a8-40f4-bd45-12038506cd29}</UniqueIdentifier>
    </Filter>
    <Filter Include="Mechanisms\RenderingPipeline">
      <UniqueIdentifier>{c91f1825-625c-42f0-8469-826c27be0b92}</UniqueIdentifier>
    </Filter>
    <Filter Include="Mechanisms\RenderingPipeline\Nodes">
      <UniqueIdentifier>{b7de2671-afb7-471e-9881-7dd4812c6bc1}</UniqueIdentifier>
    </Filter>
    <Filter Include="Mechanisms\OverlayRenderer">
      <UniqueIdentifier>{b356757b-adc7-4be2-a1ed-247c79d751d8}</UniqueIdentifier>
    </Filter>
    <Filter Include="Mechanisms\OverlayRenderer\Mechanism">
      <UniqueIdentifier>{00f2694b-d7e3-44dd-a5ee-56d0cc5cba1e}</UniqueIdentifier>
    </Filter>
    <Filter Include="Mechanisms\OverlayRenderer\Elements">
      <UniqueIdentifier>{e788649b-7b14-4322-8f63-2ae1d57c10bb}</UniqueIdentifier>
    </Filter>
    <Filter Include="Mechanisms\DebugDraw">
      <UniqueIdentifier>{aa2b1f47-28b0-4661-a691-3c0e33f6dfc3}</UniqueIdentifier>
    </Filter>
    <Filter Include="Core\Resources">
      <UniqueIdentifier>{334e02c4-4c10-4596-a912-36ec0b7ff55e}</UniqueIdentifier>
    </Filter>
    <Filter Include="Core\Camera">
      <UniqueIdentifier>{35ccab52-69f9-4ecf-b59b-c4d5b5ad5a9f}</UniqueIdentifier>
    </Filter>
    <Filter Include="Core\Camera\ProjectionCalculators">
      <UniqueIdentifier>{748a440c-5adb-4c1d-80b1-c3089a381123}</UniqueIdentifier>
    </Filter>
    <Filter Include="Lighting">
      <UniqueIdentifier>{ec716647-fce2-4f1a-a57b-7417ca64819e}</UniqueIdentifier>
    </Filter>
    <Filter Include="Core\Tools">
      <UniqueIdentifier>{a8533512-26b5-45b6-af11-e62b8e23d0c3}</UniqueIdentifier>
    </Filter>
    <Filter Include="Mechanisms\RenderingPipeline\Views">
      <UniqueIdentifier>{bbcfb446-ce4a-4c00-898c-8c4dd0821f73}</UniqueIdentifier>
    </Filter>
    <Filter Include="Mechanisms\RenderingPipeline\Nodes\SceneTreeBuilders">
      <UniqueIdentifier>{a95137c7-8213-4a7d-aa9f-9256f0fc932e}</UniqueIdentifier>
    </Filter>
    <Filter Include="Tools">
      <UniqueIdentifier>{5a93e70c-6c1d-4bda-9166-812a8da9be22}</UniqueIdentifier>
    </Filter>
    <Filter Include="Materials\MaterialGraph">
      <UniqueIdentifier>{bfbc0eb3-edbe-4ae2-8c6d-4b404b3548e7}</UniqueIdentifier>
    </Filter>
    <Filter Include="Materials\MaterialGraph\Nodes">
      <UniqueIdentifier>{01a3a4f1-9e01-4da8-85f4-d33414f68935}</UniqueIdentifier>
    </Filter>
    <Filter Include="Geometry\GeometryShader">
      <UniqueIdentifier>{829ac49d-8b86-4edb-8c0e-7fcacfc32a44}</UniqueIdentifier>
    </Filter>
    <Filter Include="Geometry\GeometryShader\Nodes">
      <UniqueIdentifier>{13811136-7bb4-4d68-9f57-9273ee471fc9}</UniqueIdentifier>
    </Filter>
  </ItemGroup>
  <ItemGroup>
    <ClCompile Include="CompositeRenderingMechanism.cpp">
      <Filter>Core</Filter>
    </ClCompile>
    <ClCompile Include="Renderer.cpp">
      <Filter>Core</Filter>
    </ClCompile>
    <ClCompile Include="Light.cpp">
      <Filter>Lighting</Filter>
    </ClCompile>
    <ClCompile Include="ProjCalc2D.cpp">
      <Filter>Core\Camera\ProjectionCalculators</Filter>
    </ClCompile>
    <ClCompile Include="ProjCalc3D.cpp">
      <Filter>Core\Camera\ProjectionCalculators</Filter>
    </ClCompile>
    <ClCompile Include="DeviceFilter.cpp">
      <Filter>Initialization</Filter>
    </ClCompile>
    <ClCompile Include="RenderDevicesEnumerator.cpp">
      <Filter>Initialization</Filter>
    </ClCompile>
    <ClCompile Include="RenderingDevice.cpp">
      <Filter>Initialization</Filter>
    </ClCompile>
    <ClCompile Include="BestFullScreenDevice.cpp">
      <Filter>Initialization\Simple</Filter>
    </ClCompile>
    <ClCompile Include="BestWindowedDevice.cpp">
      <Filter>Initialization\Simple</Filter>
    </ClCompile>
    <ClCompile Include="SimpleTamyConfigurator.cpp">
      <Filter>Initialization\Simple</Filter>
    </ClCompile>
    <ClCompile Include="OverlayRenderingMechanism.cpp">
      <Filter>Mechanisms\OverlayRenderer\Mechanism</Filter>
    </ClCompile>
    <ClCompile Include="Font.cpp">
      <Filter>Mechanisms\OverlayRenderer\Elements</Filter>
    </ClCompile>
    <ClCompile Include="TextField.cpp">
      <Filter>Mechanisms\OverlayRenderer\Elements</Filter>
    </ClCompile>
    <ClCompile Include="LineSegments.cpp">
      <Filter>Geometry\Resources</Filter>
    </ClCompile>
    <ClCompile Include="TriangleMesh.cpp">
      <Filter>Geometry\Resources</Filter>
    </ClCompile>
    <ClCompile Include="GeometryResource.cpp">
      <Filter>Geometry\Resources</Filter>
    </ClCompile>
    <ClCompile Include="Skeleton.cpp">
      <Filter>Geometry\Resources</Filter>
    </ClCompile>
    <ClCompile Include="SkinnedGeometry.cpp">
      <Filter>Geometry\Entities</Filter>
    </ClCompile>
    <ClCompile Include="SingleTextureEffect.cpp">
      <Filter>Effects\Entities</Filter>
    </ClCompile>
    <ClCompile Include="Texture.cpp">
      <Filter>Materials\Resources</Filter>
    </ClCompile>
    <ClCompile Include="LitVertex.cpp">
      <Filter>Geometry\Core</Filter>
    </ClCompile>
    <ClCompile Include="StaticGeometry.cpp">
      <Filter>Geometry\Entities</Filter>
    </ClCompile>
    <ClCompile Include="SingleTextureMaterial.cpp">
      <Filter>Materials\Entities</Filter>
    </ClCompile>
    <ClCompile Include="VertexDescriptions.cpp">
      <Filter>Geometry\Entities</Filter>
    </ClCompile>
    <ClCompile Include="PixelShader.cpp">
      <Filter>Materials\Resources</Filter>
    </ClCompile>
    <ClCompile Include="VertexShader.cpp">
      <Filter>Geometry\Resources</Filter>
    </ClCompile>
    <ClCompile Include="EffectShader.cpp">
      <Filter>Effects\Resources</Filter>
    </ClCompile>
    <ClCompile Include="FullscreenQuad.cpp">
      <Filter>Geometry\Entities</Filter>
    </ClCompile>
    <ClCompile Include="RenderingPipeline.cpp">
      <Filter>Mechanisms\RenderingPipeline</Filter>
    </ClCompile>
    <ClCompile Include="RenderingPipelineNode.cpp">
      <Filter>Mechanisms\RenderingPipeline</Filter>
    </ClCompile>
    <ClCompile Include="RenderingPipelineMechanism.cpp">
      <Filter>Mechanisms\RenderingPipeline</Filter>
    </ClCompile>
    <ClCompile Include="RenderingPipelineSockets.cpp">
      <Filter>Mechanisms\RenderingPipeline</Filter>
    </ClCompile>
    <ClCompile Include="RenderTarget.cpp">
      <Filter>Materials\Resources</Filter>
    </ClCompile>
    <ClCompile Include="..\..\Include\core-Renderer\TypesRegistry.cpp" />
    <ClCompile Include="RenderingView.cpp">
      <Filter>Mechanisms\RenderingPipeline\Views</Filter>
    </ClCompile>
    <ClCompile Include="RenderResource.cpp">
      <Filter>Core\Resources</Filter>
    </ClCompile>
    <ClCompile Include="SceneRenderTreeBuilder.cpp">
      <Filter>Mechanisms\RenderingPipeline\Views</Filter>
    </ClCompile>
    <ClCompile Include="Camera.cpp">
      <Filter>Core\Camera</Filter>
    </ClCompile>
    <ClCompile Include="ShaderTexture.cpp">
      <Filter>Materials\Resources</Filter>
    </ClCompile>
    <ClCompile Include="RPSBTextured.cpp">
      <Filter>Mechanisms\RenderingPipeline\Nodes\SceneTreeBuilders</Filter>
    </ClCompile>
    <ClCompile Include="RPSBComputed.cpp">
      <Filter>Mechanisms\RenderingPipeline\Nodes\SceneTreeBuilders</Filter>
    </ClCompile>
    <ClCompile Include="RPAdapterNode.cpp">
      <Filter>Mechanisms\RenderingPipeline\Nodes</Filter>
    </ClCompile>
    <ClCompile Include="RPDebugRendererNode.cpp">
      <Filter>Mechanisms\RenderingPipeline\Nodes</Filter>
    </ClCompile>
    <ClCompile Include="RPPostProcessNode.cpp">
      <Filter>Mechanisms\RenderingPipeline\Nodes</Filter>
    </ClCompile>
    <ClCompile Include="RPSceneRenderNode.cpp">
      <Filter>Mechanisms\RenderingPipeline\Nodes</Filter>
    </ClCompile>
    <ClCompile Include="RPStartNode.cpp">
      <Filter>Mechanisms\RenderingPipeline\Nodes</Filter>
    </ClCompile>
    <ClCompile Include="RPCameraNode.cpp">
      <Filter>Mechanisms\RenderingPipeline\Nodes</Filter>
    </ClCompile>
    <ClCompile Include="RPSceneBuilder.cpp">
      <Filter>Mechanisms\RenderingPipeline\Nodes</Filter>
    </ClCompile>
    <ClCompile Include="RPFloats2Vec4Node.cpp">
      <Filter>Mechanisms\RenderingPipeline\Nodes</Filter>
    </ClCompile>
    <ClCompile Include="RPTextureNode.cpp">
      <Filter>Mechanisms\RenderingPipeline\Nodes</Filter>
    </ClCompile>
    <ClCompile Include="RPFloatNode.cpp">
      <Filter>Mechanisms\RenderingPipeline\Nodes</Filter>
    </ClCompile>
    <ClCompile Include="RPVec4Node.cpp">
      <Filter>Mechanisms\RenderingPipeline\Nodes</Filter>
    </ClCompile>
    <ClCompile Include="FragmentShader.cpp">
      <Filter>Geometry\Resources</Filter>
    </ClCompile>
    <ClCompile Include="SurfaceProperties.cpp">
      <Filter>Materials\Resources</Filter>
    </ClCompile>
    <ClCompile Include="MaterialEntity.cpp">
      <Filter>Materials\Entities</Filter>
    </ClCompile>
    <ClCompile Include="RenderTargetDescriptor.cpp">
      <Filter>Mechanisms\RenderingPipeline</Filter>
    </ClCompile>
    <ClCompile Include="MNPixelShader.cpp">
      <Filter>Materials\MaterialGraph\Nodes</Filter>
    </ClCompile>
    <ClCompile Include="MNTexture.cpp">
      <Filter>Materials\MaterialGraph\Nodes</Filter>
    </ClCompile>
    <ClCompile Include="MNFloat.cpp">
      <Filter>Materials\MaterialGraph\Nodes</Filter>
    </ClCompile>
    <ClCompile Include="MNVec4.cpp">
      <Filter>Materials\MaterialGraph\Nodes</Filter>
    </ClCompile>
    <ClCompile Include="MNCamera.cpp">
      <Filter>Materials\MaterialGraph\Nodes</Filter>
    </ClCompile>
    <ClCompile Include="MNSpatialEntity.cpp">
      <Filter>Materials\MaterialGraph\Nodes</Filter>
    </ClCompile>
    <ClCompile Include="Material.cpp">
      <Filter>Materials\MaterialGraph</Filter>
    </ClCompile>
    <ClCompile Include="MaterialNode.cpp">
      <Filter>Materials\MaterialGraph</Filter>
    </ClCompile>
    <ClCompile Include="MaterialSockets.cpp">
      <Filter>Materials\MaterialGraph</Filter>
    </ClCompile>
    <ClCompile Include="MNBool.cpp">
      <Filter>Materials\MaterialGraph\Nodes</Filter>
    </ClCompile>
    <ClCompile Include="MNInstanceTexture.cpp">
      <Filter>Materials\MaterialGraph\Nodes</Filter>
    </ClCompile>
    <ClCompile Include="MNSurfaceProperties.cpp">
      <Filter>Materials\MaterialGraph\Nodes</Filter>
    </ClCompile>
    <ClCompile Include="MNTimer.cpp">
      <Filter>Materials\MaterialGraph\Nodes</Filter>
    </ClCompile>
    <ClCompile Include="GeometryShader.cpp">
      <Filter>Geometry\GeometryShader</Filter>
    </ClCompile>
    <ClCompile Include="GeometrySockets.cpp">
      <Filter>Geometry\GeometryShader</Filter>
    </ClCompile>
    <ClCompile Include="GNVec4.cpp">
      <Filter>Geometry\GeometryShader\Nodes</Filter>
    </ClCompile>
    <ClCompile Include="GNVertexShader.cpp">
      <Filter>Geometry\GeometryShader\Nodes</Filter>
    </ClCompile>
    <ClCompile Include="GNTimer.cpp">
      <Filter>Geometry\GeometryShader\Nodes</Filter>
    </ClCompile>
    <ClCompile Include="GNTexture.cpp">
      <Filter>Geometry\GeometryShader\Nodes</Filter>
    </ClCompile>
    <ClCompile Include="GNSpatialEntity.cpp">
      <Filter>Geometry\GeometryShader\Nodes</Filter>
    </ClCompile>
    <ClCompile Include="GNFloat.cpp">
      <Filter>Geometry\GeometryShader\Nodes</Filter>
    </ClCompile>
    <ClCompile Include="GNCamera.cpp">
      <Filter>Geometry\GeometryShader\Nodes</Filter>
    </ClCompile>
    <ClCompile Include="GNBool.cpp">
      <Filter>Geometry\GeometryShader\Nodes</Filter>
    </ClCompile>
    <ClCompile Include="GeometryEntity.cpp">
      <Filter>Geometry\Entities</Filter>
    </ClCompile>
    <ClCompile Include="GeometryShaderNode.cpp">
      <Filter>Geometry\GeometryShader</Filter>
    </ClCompile>
    <ClCompile Include="Geometry.cpp">
      <Filter>Geometry\Core</Filter>
    </ClCompile>
    <ClCompile Include="RenderableTexture.cpp">
      <Filter>Materials\Resources</Filter>
    </ClCompile>
  </ItemGroup>
  <ItemGroup>
    <None Include="..\..\Include\core-Renderer\Renderer.inl">
      <Filter>Core</Filter>
    </None>
    <None Include="..\..\Include\core-Renderer\Light.inl">
      <Filter>Lighting</Filter>
    </None>
    <None Include="..\..\Include\core-Renderer\LineSegments.inl">
      <Filter>Geometry\Resources</Filter>
    </None>
    <None Include="..\..\Include\core-Renderer\TriangleMesh.inl">
      <Filter>Geometry\Resources</Filter>
    </None>
    <None Include="..\..\Include\core-Renderer\ShaderRenderCommand.inl">
      <Filter>Core</Filter>
    </None>
    <None Include="..\..\Include\core-Renderer\ShaderParam.inl">
      <Filter>Core</Filter>
    </None>
    <None Include="..\..\Include\core-Renderer\RenderResourceStorage.inl">
      <Filter>Core\Resources</Filter>
    </None>
    <None Include="..\..\Include\core-Renderer\PixelShaderConstant.inl">
      <Filter>Tools</Filter>
    </None>
    <None Include="..\..\Include\core-Renderer\PixelShaderNodeOperator.inl">
      <Filter>Tools</Filter>
    </None>
    <None Include="..\..\Include\core-Renderer\VertexShaderNodeOperator.inl">
      <Filter>Tools</Filter>
    </None>
    <None Include="..\..\Include\core-Renderer\VertexShaderConstant.inl">
      <Filter>Tools</Filter>
    </None>
  </ItemGroup>
  <ItemGroup>
    <ClInclude Include="..\..\Include\core-Renderer\CompositeRenderingMechanism.h">
      <Filter>Core</Filter>
    </ClInclude>
    <ClInclude Include="..\..\Include\core-Renderer\Renderer.h">
      <Filter>Core</Filter>
    </ClInclude>
    <ClInclude Include="..\..\Include\core-Renderer\RenderingMechanism.h">
      <Filter>Core</Filter>
    </ClInclude>
    <ClInclude Include="..\..\Include\core-Renderer\Light.h">
      <Filter>Lighting</Filter>
    </ClInclude>
    <ClInclude Include="..\..\Include\core-Renderer\ProjCalc2D.h">
      <Filter>Core\Camera\ProjectionCalculators</Filter>
    </ClInclude>
    <ClInclude Include="..\..\Include\core-Renderer\ProjCalc3D.h">
      <Filter>Core\Camera\ProjectionCalculators</Filter>
    </ClInclude>
    <ClInclude Include="..\..\Include\core-Renderer\DeviceFilter.h">
      <Filter>Initialization</Filter>
    </ClInclude>
    <ClInclude Include="..\..\Include\core-Renderer\DeviceFilterElem.h">
      <Filter>Initialization</Filter>
    </ClInclude>
    <ClInclude Include="..\..\Include\core-Renderer\DevicesSorter.h">
      <Filter>Initialization</Filter>
    </ClInclude>
    <ClInclude Include="..\..\Include\core-Renderer\RenderDevicesEnumerator.h">
      <Filter>Initialization</Filter>
    </ClInclude>
    <ClInclude Include="..\..\Include\core-Renderer\RenderingDevice.h">
      <Filter>Initialization</Filter>
    </ClInclude>
    <ClInclude Include="..\..\Include\core-Renderer\BestFullScreenDevice.h">
      <Filter>Initialization\Simple</Filter>
    </ClInclude>
    <ClInclude Include="..\..\Include\core-Renderer\BestWindowedDevice.h">
      <Filter>Initialization\Simple</Filter>
    </ClInclude>
    <ClInclude Include="..\..\Include\core-Renderer\DevTypeFilter.h">
      <Filter>Initialization\Simple</Filter>
    </ClInclude>
    <ClInclude Include="..\..\Include\core-Renderer\FullScreenModeFilter.h">
      <Filter>Initialization\Simple</Filter>
    </ClInclude>
    <ClInclude Include="..\..\Include\core-Renderer\ResolutionFilter.h">
      <Filter>Initialization\Simple</Filter>
    </ClInclude>
    <ClInclude Include="..\..\Include\core-Renderer\SimpleTamyConfigurator.h">
      <Filter>Initialization\Simple</Filter>
    </ClInclude>
    <ClInclude Include="..\..\Include\core-Renderer\Overlay.h">
      <Filter>Mechanisms\OverlayRenderer\Mechanism</Filter>
    </ClInclude>
    <ClInclude Include="..\..\Include\core-Renderer\OverlayRenderingMechanism.h">
      <Filter>Mechanisms\OverlayRenderer\Mechanism</Filter>
    </ClInclude>
    <ClInclude Include="..\..\Include\core-Renderer\Font.h">
      <Filter>Mechanisms\OverlayRenderer\Elements</Filter>
    </ClInclude>
    <ClInclude Include="..\..\Include\core-Renderer\TextField.h">
      <Filter>Mechanisms\OverlayRenderer\Elements</Filter>
    </ClInclude>
    <ClInclude Include="..\..\Include\core-Renderer.h" />
    <ClInclude Include="..\..\Include\core-Renderer\LineSegments.h">
      <Filter>Geometry\Resources</Filter>
    </ClInclude>
    <ClInclude Include="..\..\Include\core-Renderer\TriangleMesh.h">
      <Filter>Geometry\Resources</Filter>
    </ClInclude>
    <ClInclude Include="..\..\Include\core-Renderer\GeometryResource.h">
      <Filter>Geometry\Resources</Filter>
    </ClInclude>
    <ClInclude Include="..\..\Include\core-Renderer\Skeleton.h">
      <Filter>Geometry\Resources</Filter>
    </ClInclude>
    <ClInclude Include="..\..\Include\core-Renderer\SkinnedGeometry.h">
      <Filter>Geometry\Entities</Filter>
    </ClInclude>
    <ClInclude Include="..\..\Include\core-Renderer\SingleTextureEffect.h">
      <Filter>Effects\Entities</Filter>
    </ClInclude>
    <ClInclude Include="..\..\Include\core-Renderer\Texture.h">
      <Filter>Materials\Resources</Filter>
    </ClInclude>
    <ClInclude Include="..\..\Include\core-Renderer\Geometry.h">
      <Filter>Geometry\Core</Filter>
    </ClInclude>
    <ClInclude Include="..\..\Include\core-Renderer\Face.h">
      <Filter>Geometry\Core</Filter>
    </ClInclude>
    <ClInclude Include="..\..\Include\core-Renderer\LitVertex.h">
      <Filter>Geometry\Core</Filter>
    </ClInclude>
    <ClInclude Include="..\..\Include\core-Renderer\StaticGeometry.h">
      <Filter>Geometry\Entities</Filter>
    </ClInclude>
    <ClInclude Include="..\..\Include\core-Renderer\SingleTextureMaterial.h">
      <Filter>Materials\Entities</Filter>
    </ClInclude>
    <ClInclude Include="..\..\Include\core-Renderer\VertexDescriptions.h">
      <Filter>Geometry\Entities</Filter>
    </ClInclude>
    <ClInclude Include="..\..\Include\core-Renderer\PixelShader.h">
      <Filter>Materials\Resources</Filter>
    </ClInclude>
    <ClInclude Include="..\..\Include\core-Renderer\ShaderTexture.h">
      <Filter>Materials\Resources</Filter>
    </ClInclude>
    <ClInclude Include="..\..\Include\core-Renderer\VertexShader.h">
      <Filter>Geometry\Resources</Filter>
    </ClInclude>
    <ClInclude Include="..\..\Include\core-Renderer\EffectShader.h">
      <Filter>Effects\Resources</Filter>
    </ClInclude>
    <ClInclude Include="..\..\Include\core-Renderer\VertexArray.h">
      <Filter>Geometry\Core</Filter>
    </ClInclude>
    <ClInclude Include="..\..\Include\core-Renderer\FullscreenQuad.h">
      <Filter>Geometry\Entities</Filter>
    </ClInclude>
    <ClInclude Include="..\..\Include\core-Renderer\RenderingPipelineNode.h">
      <Filter>Mechanisms\RenderingPipeline</Filter>
    </ClInclude>
    <ClInclude Include="..\..\Include\core-Renderer\RenderingPipeline.h">
      <Filter>Mechanisms\RenderingPipeline</Filter>
    </ClInclude>
    <ClInclude Include="..\..\Include\core-Renderer\RenderingPipelineMechanism.h">
      <Filter>Mechanisms\RenderingPipeline</Filter>
    </ClInclude>
    <ClInclude Include="..\..\Include\core-Renderer\RenderingPipelineSockets.h">
      <Filter>Mechanisms\RenderingPipeline</Filter>
    </ClInclude>
    <ClInclude Include="..\..\Include\core-Renderer\RenderTarget.h">
      <Filter>Materials\Resources</Filter>
    </ClInclude>
    <ClInclude Include="..\..\Include\core-Renderer\RenderingView.h">
      <Filter>Mechanisms\RenderingPipeline\Views</Filter>
    </ClInclude>
    <ClInclude Include="..\..\Include\core-Renderer\RenderState.h">
      <Filter>Mechanisms\RenderingPipeline\Views</Filter>
    </ClInclude>
    <ClInclude Include="..\..\Include\core-Renderer\DebugDrawCommands.h">
      <Filter>Mechanisms\DebugDraw</Filter>
    </ClInclude>
    <ClInclude Include="..\..\Include\core-Renderer\ShaderParam.h">
      <Filter>Core</Filter>
    </ClInclude>
    <ClInclude Include="..\..\Include\core-Renderer\ShaderRenderCommand.h">
      <Filter>Core</Filter>
    </ClInclude>
    <ClInclude Include="..\..\Include\core-Renderer\RenderResourceStorage.h">
      <Filter>Core\Resources</Filter>
    </ClInclude>
    <ClInclude Include="..\..\Include\core-Renderer\RenderResource.h">
      <Filter>Core\Resources</Filter>
    </ClInclude>
    <ClInclude Include="..\..\Include\core-Renderer\RenderCommand.h">
      <Filter>Core</Filter>
    </ClInclude>
    <ClInclude Include="..\..\Include\core-Renderer\SceneRenderTreeBuilder.h">
      <Filter>Mechanisms\RenderingPipeline\Views</Filter>
    </ClInclude>
    <ClInclude Include="..\..\Include\core-Renderer\Defines.h" />
    <ClInclude Include="..\..\Include\core-Renderer\Camera.h">
      <Filter>Core\Camera</Filter>
    </ClInclude>
    <ClInclude Include="..\..\Include\core-Renderer\ProjectionCalculator.h">
      <Filter>Core\Camera</Filter>
    </ClInclude>
    <ClInclude Include="..\..\Include\core-Renderer\ShaderCompiler.h">
      <Filter>Core\Tools</Filter>
    </ClInclude>
    <ClInclude Include="..\..\Include\core-Renderer\RPSBTextured.h">
      <Filter>Mechanisms\RenderingPipeline\Nodes\SceneTreeBuilders</Filter>
    </ClInclude>
    <ClInclude Include="..\..\Include\core-Renderer\RPSBComputed.h">
      <Filter>Mechanisms\RenderingPipeline\Nodes\SceneTreeBuilders</Filter>
    </ClInclude>
    <ClInclude Include="..\..\Include\core-Renderer\PixelShaderConstant.h">
      <Filter>Tools</Filter>
    </ClInclude>
    <ClInclude Include="..\..\Include\core-Renderer\RPStartNode.h">
      <Filter>Mechanisms\RenderingPipeline\Nodes</Filter>
    </ClInclude>
    <ClInclude Include="..\..\Include\core-Renderer\RPAdapterNode.h">
      <Filter>Mechanisms\RenderingPipeline\Nodes</Filter>
    </ClInclude>
    <ClInclude Include="..\..\Include\core-Renderer\RPDebugRendererNode.h">
      <Filter>Mechanisms\RenderingPipeline\Nodes</Filter>
    </ClInclude>
    <ClInclude Include="..\..\Include\core-Renderer\RPPostProcessNode.h">
      <Filter>Mechanisms\RenderingPipeline\Nodes</Filter>
    </ClInclude>
    <ClInclude Include="..\..\Include\core-Renderer\RPSceneRenderNode.h">
      <Filter>Mechanisms\RenderingPipeline\Nodes</Filter>
    </ClInclude>
    <ClInclude Include="..\..\Include\core-Renderer\RPCameraNode.h">
      <Filter>Mechanisms\RenderingPipeline\Nodes</Filter>
    </ClInclude>
    <ClInclude Include="..\..\Include\core-Renderer\RPSceneBuilder.h">
      <Filter>Mechanisms\RenderingPipeline\Nodes</Filter>
    </ClInclude>
    <ClInclude Include="..\..\Include\core-Renderer\RPTextureNode.h">
      <Filter>Mechanisms\RenderingPipeline\Nodes</Filter>
    </ClInclude>
    <ClInclude Include="..\..\Include\core-Renderer\RPFloatNode.h">
      <Filter>Mechanisms\RenderingPipeline\Nodes</Filter>
    </ClInclude>
    <ClInclude Include="..\..\Include\core-Renderer\RPVec4Node.h">
      <Filter>Mechanisms\RenderingPipeline\Nodes</Filter>
    </ClInclude>
    <ClInclude Include="..\..\Include\core-Renderer\FragmentShader.h">
      <Filter>Geometry\Resources</Filter>
    </ClInclude>
    <ClInclude Include="..\..\Include\core-Renderer\SurfaceProperties.h">
      <Filter>Materials\Resources</Filter>
    </ClInclude>
    <ClInclude Include="..\..\Include\core-Renderer\MaterialEntity.h">
      <Filter>Materials\Entities</Filter>
    </ClInclude>
    <ClInclude Include="..\..\Include\core-Renderer\RenderTargetDescriptor.h">
      <Filter>Mechanisms\RenderingPipeline</Filter>
    </ClInclude>
    <ClInclude Include="..\..\Include\core-Renderer\MNPixelShader.h">
      <Filter>Materials\MaterialGraph\Nodes</Filter>
    </ClInclude>
    <ClInclude Include="..\..\Include\core-Renderer\MNTexture.h">
      <Filter>Materials\MaterialGraph\Nodes</Filter>
    </ClInclude>
    <ClInclude Include="..\..\Include\core-Renderer\MNCamera.h">
      <Filter>Materials\MaterialGraph\Nodes</Filter>
    </ClInclude>
    <ClInclude Include="..\..\Include\core-Renderer\MNFloat.h">
      <Filter>Materials\MaterialGraph\Nodes</Filter>
    </ClInclude>
    <ClInclude Include="..\..\Include\core-Renderer\MNSpatialEntity.h">
      <Filter>Materials\MaterialGraph\Nodes</Filter>
    </ClInclude>
    <ClInclude Include="..\..\Include\core-Renderer\MNVec4.h">
      <Filter>Materials\MaterialGraph\Nodes</Filter>
    </ClInclude>
    <ClInclude Include="..\..\Include\core-Renderer\Material.h">
      <Filter>Materials\MaterialGraph</Filter>
    </ClInclude>
    <ClInclude Include="..\..\Include\core-Renderer\MaterialNode.h">
      <Filter>Materials\MaterialGraph</Filter>
    </ClInclude>
    <ClInclude Include="..\..\Include\core-Renderer\MaterialSockets.h">
      <Filter>Materials\MaterialGraph</Filter>
    </ClInclude>
    <ClInclude Include="..\..\Include\core-Renderer\RPFloats2Vec4Node.h">
      <Filter>Mechanisms\RenderingPipeline\Nodes</Filter>
    </ClInclude>
    <ClInclude Include="..\..\Include\core-Renderer\MNBool.h">
      <Filter>Materials\MaterialGraph\Nodes</Filter>
    </ClInclude>
    <ClInclude Include="..\..\Include\core-Renderer\MNInstanceTexture.h">
      <Filter>Materials\MaterialGraph\Nodes</Filter>
    </ClInclude>
    <ClInclude Include="..\..\Include\core-Renderer\MNSurfaceProperties.h">
      <Filter>Materials\MaterialGraph\Nodes</Filter>
    </ClInclude>
    <ClInclude Include="..\..\Include\core-Renderer\MNTimer.h">
      <Filter>Materials\MaterialGraph\Nodes</Filter>
    </ClInclude>
    <ClInclude Include="..\..\Include\core-Renderer\GeometryShader.h">
      <Filter>Geometry\GeometryShader</Filter>
    </ClInclude>
    <ClInclude Include="..\..\Include\core-Renderer\GeometrySockets.h">
      <Filter>Geometry\GeometryShader</Filter>
    </ClInclude>
    <ClInclude Include="..\..\Include\core-Renderer\GNBool.h">
      <Filter>Geometry\GeometryShader\Nodes</Filter>
    </ClInclude>
    <ClInclude Include="..\..\Include\core-Renderer\GNCamera.h">
      <Filter>Geometry\GeometryShader\Nodes</Filter>
    </ClInclude>
    <ClInclude Include="..\..\Include\core-Renderer\GNFloat.h">
      <Filter>Geometry\GeometryShader\Nodes</Filter>
    </ClInclude>
    <ClInclude Include="..\..\Include\core-Renderer\GNVertexShader.h">
      <Filter>Geometry\GeometryShader\Nodes</Filter>
    </ClInclude>
    <ClInclude Include="..\..\Include\core-Renderer\GNSpatialEntity.h">
      <Filter>Geometry\GeometryShader\Nodes</Filter>
    </ClInclude>
    <ClInclude Include="..\..\Include\core-Renderer\GNTexture.h">
      <Filter>Geometry\GeometryShader\Nodes</Filter>
    </ClInclude>
    <ClInclude Include="..\..\Include\core-Renderer\GNTimer.h">
      <Filter>Geometry\GeometryShader\Nodes</Filter>
    </ClInclude>
    <ClInclude Include="..\..\Include\core-Renderer\GNVec4.h">
      <Filter>Geometry\GeometryShader\Nodes</Filter>
    </ClInclude>
    <ClInclude Include="..\..\Include\core-Renderer\GeometryEntity.h">
      <Filter>Geometry\Entities</Filter>
    </ClInclude>
    <ClInclude Include="..\..\Include\core-Renderer\GeometryShaderNode.h">
      <Filter>Geometry\GeometryShader</Filter>
    </ClInclude>
    <ClInclude Include="..\..\Include\core-Renderer\PixelShaderNodeOperator.h">
      <Filter>Tools</Filter>
    </ClInclude>
    <ClInclude Include="..\..\Include\core-Renderer\VertexShaderNodeOperator.h">
      <Filter>Tools</Filter>
    </ClInclude>
    <ClInclude Include="..\..\Include\core-Renderer\VertexShaderConstant.h">
      <Filter>Tools</Filter>
    </ClInclude>
    <ClInclude Include="..\..\Include\core-Renderer\RenderableTexture.h">
      <Filter>Materials\Resources</Filter>
    </ClInclude>
  </ItemGroup>
</Project>