<?xml version="1.0" encoding="utf-8"?>
<Project ToolsVersion="4.0" xmlns="http://schemas.microsoft.com/developer/msbuild/2003">
  <ItemGroup>
    <Filter Include="Core">
      <UniqueIdentifier>{73f4ad88-8c16-47b1-a99b-f18a059ae772}</UniqueIdentifier>
    </Filter>
    <Filter Include="ResourceEditors">
      <UniqueIdentifier>{a1409a83-fe22-4e38-9884-c734131814ad}</UniqueIdentifier>
    </Filter>
    <Filter Include="ResourceEditors\SceneEditor">
      <UniqueIdentifier>{195655b7-5ea1-4897-8828-b3a010b2d87a}</UniqueIdentifier>
    </Filter>
    <Filter Include="Widgets">
      <UniqueIdentifier>{d04b78f7-64d0-4232-ae4b-406d8a04580f}</UniqueIdentifier>
    </Filter>
    <Filter Include="Widgets\DropArea">
      <UniqueIdentifier>{b4038eb5-b260-48c9-9dce-f9b4dfc01665}</UniqueIdentifier>
    </Filter>
    <Filter Include="Widgets\ColorFrame">
      <UniqueIdentifier>{135fe30a-3e85-4b80-b75f-af434099c911}</UniqueIdentifier>
    </Filter>
    <Filter Include="Widgets\TreeWidget">
      <UniqueIdentifier>{9173226e-dd2e-414a-a92a-dfda7c1cc74d}</UniqueIdentifier>
    </Filter>
    <Filter Include="ResourceEditors\MaterialEditor">
      <UniqueIdentifier>{01274f29-65ff-44c8-a660-7a2d3ecb06f3}</UniqueIdentifier>
    </Filter>
    <Filter Include="ResourceEditors\RenderingPipelineEditor">
      <UniqueIdentifier>{26961b85-6645-4ae9-aea3-210da473364f}</UniqueIdentifier>
    </Filter>
    <Filter Include="Widgets\GraphWidget">
      <UniqueIdentifier>{afad0961-9279-47d6-b5e5-dcc717807671}</UniqueIdentifier>
    </Filter>
    <Filter Include="Widgets\PropertiesEditorWidget">
      <UniqueIdentifier>{f09e027f-0b6b-4f2f-a703-991f4acc9dc3}</UniqueIdentifier>
    </Filter>
    <Filter Include="Widgets\PropertiesEditorWidget\Editors">
      <UniqueIdentifier>{fd5f3c59-02db-4b10-b334-3fd96042b190}</UniqueIdentifier>
    </Filter>
    <Filter Include="ResourceEditors\RenderingPipelineEditor\Blocks">
      <UniqueIdentifier>{684af1ca-eef5-4500-a6a7-ed0877e768ec}</UniqueIdentifier>
    </Filter>
    <Filter Include="ResourceEditors\RenderingPipelineEditor\Sockets">
      <UniqueIdentifier>{6bd35b41-b88a-4898-b6da-78786d103805}</UniqueIdentifier>
    </Filter>
    <Filter Include="QtImplementation">
      <UniqueIdentifier>{7548806f-c12e-446e-9b66-1298751745ab}</UniqueIdentifier>
    </Filter>
    <Filter Include="QtImplementation\Generated Files">
      <UniqueIdentifier>{71ED8ED8-ACB9-4CE9-BBE1-E00B30144E11}</UniqueIdentifier>
      <Extensions>moc;h;cpp</Extensions>
      <SourceControlFiles>False</SourceControlFiles>
    </Filter>
    <Filter Include="QtImplementation\Generated Files\Release">
      <UniqueIdentifier>{c61d66f5-015a-43e4-b8fd-b7edcb9bf875}</UniqueIdentifier>
      <Extensions>cpp;moc</Extensions>
      <SourceControlFiles>False</SourceControlFiles>
    </Filter>
    <Filter Include="QtImplementation\Generated Files\Debug">
      <UniqueIdentifier>{1261b02b-e408-4e1a-883b-f3304340c81e}</UniqueIdentifier>
      <Extensions>cpp;moc</Extensions>
      <SourceControlFiles>False</SourceControlFiles>
    </Filter>
    <Filter Include="QtImplementation\Form Files">
      <UniqueIdentifier>{99349809-55BA-4b9d-BF79-8FDBB0286EB3}</UniqueIdentifier>
      <Extensions>ui</Extensions>
    </Filter>
    <Filter Include="QtImplementation\Resource Files">
      <UniqueIdentifier>{D9D6E242-F8AF-46E4-B9FD-80ECBC20BA3E}</UniqueIdentifier>
      <Extensions>qrc;*</Extensions>
      <ParseFiles>false</ParseFiles>
    </Filter>
    <Filter Include="ResourceEditors\SkeletonAnimationEditor">
      <UniqueIdentifier>{ec933e20-bb44-4680-8a4f-2c6dd86a4710}</UniqueIdentifier>
    </Filter>
    <Filter Include="ResourceEditors\SkeletonAnimationEditor\KeysChart">
      <UniqueIdentifier>{3951c879-3dac-4490-90ee-cba72565e813}</UniqueIdentifier>
    </Filter>
    <Filter Include="ResourceEditors\SkeletonAnimationEditor\EventsChart">
      <UniqueIdentifier>{1cb7b66f-1794-41b1-9ca9-f6529fc8815a}</UniqueIdentifier>
    </Filter>
    <Filter Include="Widgets\Chart">
      <UniqueIdentifier>{e28708dd-7275-48dd-a185-3285f3b86ce8}</UniqueIdentifier>
    </Filter>
    <Filter Include="Widgets\SceneRenderWidget">
      <UniqueIdentifier>{19fe3b4b-db85-4402-896f-e2f8ff54b582}</UniqueIdentifier>
    </Filter>
    <Filter Include="Widgets\Chart\Items">
      <UniqueIdentifier>{70fdc8c1-f1e8-4a6a-b88d-02eb6bc29d01}</UniqueIdentifier>
    </Filter>
    <Filter Include="QtImplementation\Generated Files\Template">
      <UniqueIdentifier>{300eec33-8400-4808-ab01-3c8f5a1998e2}</UniqueIdentifier>
      <Extensions>cpp;moc</Extensions>
      <SourceControlFiles>False</SourceControlFiles>
    </Filter>
    <Filter Include="Core\ResourcesBrowser">
      <UniqueIdentifier>{e6f94e6b-b366-4a87-987b-4c261f72106e}</UniqueIdentifier>
    </Filter>
    <Filter Include="Core\ResourcesBrowser\Nodes">
      <UniqueIdentifier>{c700c38d-9216-4d62-9788-a5425978b4ba}</UniqueIdentifier>
    </Filter>
    <Filter Include="Widgets\SceneTreeViewer">
      <UniqueIdentifier>{83a51f51-4786-42cf-91c5-4a6ef3c52b52}</UniqueIdentifier>
    </Filter>
    <Filter Include="Widgets\SceneTreeViewer\Editors">
      <UniqueIdentifier>{06a1dfb4-deca-4972-9144-6563bc944319}</UniqueIdentifier>
    </Filter>
    <Filter Include="Core\SelectionManager">
      <UniqueIdentifier>{1e96a4ee-a710-4693-a31c-0d2992d23ec5}</UniqueIdentifier>
    </Filter>
    <Filter Include="Widgets\SceneRenderWidget\SelectionVisualisation">
      <UniqueIdentifier>{73130267-9dcf-4fc3-b145-f001f12ce254}</UniqueIdentifier>
    </Filter>
    <Filter Include="Widgets\SceneRenderWidget\SelectionVisualisation\Representations">
      <UniqueIdentifier>{6fe4e01d-1429-4836-9539-287446e9a303}</UniqueIdentifier>
    </Filter>
    <Filter Include="Widgets\SceneRenderWidget\InputControl">
      <UniqueIdentifier>{668a3d7e-80a9-4339-963e-589d599793ca}</UniqueIdentifier>
    </Filter>
    <Filter Include="ResourceEditors\SceneEditor\SceneObjectsManipulator">
      <UniqueIdentifier>{918d34f8-d97e-4468-8459-6791183489e6}</UniqueIdentifier>
    </Filter>
    <Filter Include="Widgets\SceneRenderWidget\SceneQueries">
      <UniqueIdentifier>{65c05c11-b4fb-40af-9d34-79a22520830a}</UniqueIdentifier>
    </Filter>
    <Filter Include="Widgets\SceneRenderWidget\SceneQueries\Representations">
      <UniqueIdentifier>{fef6c27d-a127-406a-ae08-31ce49f4e14d}</UniqueIdentifier>
    </Filter>
    <Filter Include="ResourceEditors\TextureEditor">
      <UniqueIdentifier>{cf1e2221-3fb7-450e-a3e1-01f86059d0da}</UniqueIdentifier>
    </Filter>
  </ItemGroup>
  <ItemGroup>
    <ClInclude Include="GeneratedFiles\ui_progressdialog.h">
      <Filter>QtImplementation\Generated Files</Filter>
    </ClInclude>
    <ClInclude Include="GeneratedFiles\ui_tamyeditor.h">
      <Filter>QtImplementation\Generated Files</Filter>
    </ClInclude>
    <ClInclude Include="SceneTreeEditor.h">
      <Filter>Widgets\SceneTreeViewer</Filter>
    </ClInclude>
    <ClInclude Include="FSTreeNode.h">
      <Filter>Core\ResourcesBrowser</Filter>
    </ClInclude>
    <ClInclude Include="FSRootNode.h">
      <Filter>Core\ResourcesBrowser\Nodes</Filter>
    </ClInclude>
    <ClInclude Include="MimeDataEncoder.h">
      <Filter>Widgets\DropArea</Filter>
    </ClInclude>
    <ClInclude Include="TreeWidgetDescFactory.h">
      <Filter>Widgets\TreeWidget</Filter>
    </ClInclude>
    <ClInclude Include="TypeDescFactory.h">
      <Filter>Widgets\TreeWidget</Filter>
    </ClInclude>
    <ClInclude Include="QueryableEntity.h">
      <Filter>Widgets\SceneRenderWidget\SceneQueries</Filter>
    </ClInclude>
    <ClInclude Include="SelectionRenderingPass.h">
      <Filter>Widgets\SceneRenderWidget\SelectionVisualisation</Filter>
    </ClInclude>
    <ClInclude Include="QueryableGeometry.h">
      <Filter>Widgets\SceneRenderWidget\SceneQueries\Representations</Filter>
    </ClInclude>
    <ClInclude Include="GeneratedFiles\ui_materialeditor.h">
      <Filter>QtImplementation\Generated Files</Filter>
    </ClInclude>
    <ClInclude Include="GeneratedFiles\ui_assertdialog.h">
      <Filter>QtImplementation\Generated Files</Filter>
    </ClInclude>
    <ClInclude Include="GeneratedFiles\ui_renderingpipelineeditor.h">
      <Filter>QtImplementation\Generated Files</Filter>
    </ClInclude>
    <ClInclude Include="GraphBlock.h">
      <Filter>Widgets\GraphWidget</Filter>
    </ClInclude>
    <ClInclude Include="RenderingPipelineLayout.h">
      <Filter>ResourceEditors\RenderingPipelineEditor</Filter>
    </ClInclude>
    <ClInclude Include="RPBPostProcess.h">
      <Filter>ResourceEditors\RenderingPipelineEditor\Blocks</Filter>
    </ClInclude>
    <ClInclude Include="RenderingPipelineBlock.h">
      <Filter>ResourceEditors\RenderingPipelineEditor</Filter>
    </ClInclude>
    <ClInclude Include="RPBStart.h">
      <Filter>ResourceEditors\RenderingPipelineEditor\Blocks</Filter>
    </ClInclude>
    <ClInclude Include="RPBSceneRender.h">
      <Filter>ResourceEditors\RenderingPipelineEditor\Blocks</Filter>
    </ClInclude>
    <ClInclude Include="GeneratedFiles\ui_rendertargetdescriptordialog.h">
      <Filter>QtImplementation\Generated Files</Filter>
    </ClInclude>
    <ClInclude Include="RenderTargetMimeData.h">
      <Filter>ResourceEditors\RenderingPipelineEditor</Filter>
    </ClInclude>
    <ClInclude Include="FSNodeMimeData.h">
      <Filter>Core\ResourcesBrowser</Filter>
    </ClInclude>
    <ClInclude Include="RenderingPipelineSocketRepresentation.h">
      <Filter>ResourceEditors\RenderingPipelineEditor</Filter>
    </ClInclude>
    <ClInclude Include="RPSFloat.h">
      <Filter>ResourceEditors\RenderingPipelineEditor\Sockets</Filter>
    </ClInclude>
    <ClInclude Include="RPSTexture.h">
      <Filter>ResourceEditors\RenderingPipelineEditor\Sockets</Filter>
    </ClInclude>
    <ClInclude Include="RPSVoid.h">
      <Filter>ResourceEditors\RenderingPipelineEditor\Sockets</Filter>
    </ClInclude>
    <ClInclude Include="RPBAdapter.h">
      <Filter>ResourceEditors\RenderingPipelineEditor\Blocks</Filter>
    </ClInclude>
    <ClInclude Include="RPBDebugRender.h">
      <Filter>ResourceEditors\RenderingPipelineEditor\Blocks</Filter>
    </ClInclude>
    <ClInclude Include="GeneratedFiles\ui_skeletonanimationeditor.h">
      <Filter>QtImplementation\Generated Files</Filter>
    </ClInclude>
    <ClInclude Include="SkeletonAnimationKeysChart.h">
      <Filter>ResourceEditors\SkeletonAnimationEditor\KeysChart</Filter>
    </ClInclude>
    <ClInclude Include="SkeletonAnimationEventsChart.h">
      <Filter>ResourceEditors\SkeletonAnimationEditor\EventsChart</Filter>
    </ClInclude>
    <ClInclude Include="ChartScene.h">
      <Filter>Widgets\Chart</Filter>
    </ClInclude>
    <ClInclude Include="ChartLine.h">
      <Filter>Widgets\Chart\Items</Filter>
    </ClInclude>
    <ClInclude Include="ChartItem.h">
      <Filter>Widgets\Chart</Filter>
    </ClInclude>
    <ClInclude Include="VerticalChartMarker.h">
      <Filter>Widgets\Chart\Items</Filter>
    </ClInclude>
    <ClInclude Include="AnimChartScales.h">
      <Filter>ResourceEditors\SkeletonAnimationEditor</Filter>
    </ClInclude>
    <ClInclude Include="AnimationTimeValueGetter.h">
      <Filter>ResourceEditors\SkeletonAnimationEditor</Filter>
    </ClInclude>
    <ClInclude Include="SelectedEntityRepresentation.h">
      <Filter>Widgets\SceneRenderWidget\SelectionVisualisation</Filter>
    </ClInclude>
    <ClInclude Include="SelectedGeometry.h">
      <Filter>Widgets\SceneRenderWidget\SelectionVisualisation\Representations</Filter>
    </ClInclude>
    <ClInclude Include="SelectionManagerListener.h">
      <Filter>Core\SelectionManager</Filter>
    </ClInclude>
    <ClInclude Include="SelectionManager.h">
      <Filter>Core\SelectionManager</Filter>
    </ClInclude>
    <ClInclude Include="CameraMovementController.h">
      <Filter>Widgets\SceneRenderWidget\InputControl</Filter>
    </ClInclude>
    <ClInclude Include="SceneRendererInputController.h">
      <Filter>Widgets\SceneRenderWidget</Filter>
    </ClInclude>
    <ClInclude Include="NodeTransformController.h">
      <Filter>Widgets\SceneRenderWidget\InputControl</Filter>
    </ClInclude>
    <ClInclude Include="Gizmo.h">
      <Filter>Widgets\SceneRenderWidget\SelectionVisualisation</Filter>
    </ClInclude>
    <ClInclude Include="SceneObjectsManipulator.h">
      <Filter>ResourceEditors\SceneEditor\SceneObjectsManipulator</Filter>
    </ClInclude>
    <ClInclude Include="NodeManipulationState.h">
      <Filter>ResourceEditors\SceneEditor\SceneObjectsManipulator</Filter>
    </ClInclude>
    <ClInclude Include="NavigationState.h">
      <Filter>ResourceEditors\SceneEditor\SceneObjectsManipulator</Filter>
    </ClInclude>
    <ClInclude Include="SceneObjectsManipulatorState.h">
      <Filter>ResourceEditors\SceneEditor\SceneObjectsManipulator</Filter>
    </ClInclude>
    <ClInclude Include="SceneQuery.h">
      <Filter>Widgets\SceneRenderWidget</Filter>
    </ClInclude>
    <ClInclude Include="QueryRenderingPass.h">
      <Filter>Widgets\SceneRenderWidget\SceneQueries</Filter>
    </ClInclude>
    <ClInclude Include="ResourceEditor.h">
      <Filter>Core</Filter>
    </ClInclude>
    <ClInclude Include="RPSBool.h">
      <Filter>ResourceEditors\RenderingPipelineEditor\Sockets</Filter>
    </ClInclude>
    <ClInclude Include="RPSInt.h">
      <Filter>ResourceEditors\RenderingPipelineEditor\Sockets</Filter>
    </ClInclude>
    <ClInclude Include="RPSString.h">
      <Filter>ResourceEditors\RenderingPipelineEditor\Sockets</Filter>
    </ClInclude>
    <ClInclude Include="RPSVec4.h">
      <Filter>ResourceEditors\RenderingPipelineEditor\Sockets</Filter>
    </ClInclude>
    <ClInclude Include="RPSMatrix.h">
      <Filter>ResourceEditors\RenderingPipelineEditor\Sockets</Filter>
    </ClInclude>
    <ClInclude Include="RPBFloats2Vec4.h">
      <Filter>ResourceEditors\RenderingPipelineEditor\Blocks</Filter>
    </ClInclude>
    <ClInclude Include="RPBCamera.h">
      <Filter>ResourceEditors\RenderingPipelineEditor\Blocks</Filter>
    </ClInclude>
    <ClInclude Include="RPBTexture.h">
      <Filter>ResourceEditors\RenderingPipelineEditor\Blocks</Filter>
    </ClInclude>
    <ClInclude Include="RPBFloat.h">
      <Filter>ResourceEditors\RenderingPipelineEditor\Blocks</Filter>
    </ClInclude>
    <ClInclude Include="RPBVec4.h">
      <Filter>ResourceEditors\RenderingPipelineEditor\Blocks</Filter>
    </ClInclude>
  </ItemGroup>
  <ItemGroup>
    <ClCompile Include="GeneratedFiles\Release\moc_progressdialog.cpp">
      <Filter>QtImplementation\Generated Files\Release</Filter>
    </ClCompile>
    <ClCompile Include="GeneratedFiles\Release\moc_tamyeditor.cpp">
      <Filter>QtImplementation\Generated Files\Release</Filter>
    </ClCompile>
    <ClCompile Include="GeneratedFiles\Debug\moc_progressdialog.cpp">
      <Filter>QtImplementation\Generated Files\Debug</Filter>
    </ClCompile>
    <ClCompile Include="GeneratedFiles\Debug\moc_tamyeditor.cpp">
      <Filter>QtImplementation\Generated Files\Debug</Filter>
    </ClCompile>
    <ClCompile Include="main.cpp">
      <Filter>Core</Filter>
    </ClCompile>
    <ClCompile Include="progressDialog.cpp">
      <Filter>Core</Filter>
    </ClCompile>
    <ClCompile Include="tamyeditor.cpp">
      <Filter>Core</Filter>
    </ClCompile>
    <ClCompile Include="GeneratedFiles\Release\moc_ArrayPropertyEditor.cpp">
      <Filter>QtImplementation\Generated Files\Release</Filter>
    </ClCompile>
    <ClCompile Include="GeneratedFiles\Release\moc_BoolPropertyEditor.cpp">
      <Filter>QtImplementation\Generated Files\Release</Filter>
    </ClCompile>
    <ClCompile Include="GeneratedFiles\Release\moc_ColorFrame.cpp">
      <Filter>QtImplementation\Generated Files\Release</Filter>
    </ClCompile>
    <ClCompile Include="GeneratedFiles\Release\moc_DropArea.cpp">
      <Filter>QtImplementation\Generated Files\Release</Filter>
    </ClCompile>
    <ClCompile Include="GeneratedFiles\Release\moc_MaterialPropertyEditor.cpp">
      <Filter>QtImplementation\Generated Files\Release</Filter>
    </ClCompile>
    <ClCompile Include="GeneratedFiles\Release\moc_QPropertiesView.cpp">
      <Filter>QtImplementation\Generated Files\Release</Filter>
    </ClCompile>
    <ClCompile Include="GeneratedFiles\Release\moc_ResourcePropertyEditor.cpp">
      <Filter>QtImplementation\Generated Files\Release</Filter>
    </ClCompile>
    <ClCompile Include="GeneratedFiles\Release\moc_SceneTreeViewer.cpp">
      <Filter>QtImplementation\Generated Files\Release</Filter>
    </ClCompile>
    <ClCompile Include="GeneratedFiles\Release\moc_StringPropertyEditor.cpp">
      <Filter>QtImplementation\Generated Files\Release</Filter>
    </ClCompile>
    <ClCompile Include="GeneratedFiles\Release\moc_TreeWidget.cpp">
      <Filter>QtImplementation\Generated Files\Release</Filter>
    </ClCompile>
    <ClCompile Include="GeneratedFiles\Debug\moc_ArrayPropertyEditor.cpp">
      <Filter>QtImplementation\Generated Files\Debug</Filter>
    </ClCompile>
    <ClCompile Include="GeneratedFiles\Debug\moc_BoolPropertyEditor.cpp">
      <Filter>QtImplementation\Generated Files\Debug</Filter>
    </ClCompile>
    <ClCompile Include="GeneratedFiles\Debug\moc_ColorFrame.cpp">
      <Filter>QtImplementation\Generated Files\Debug</Filter>
    </ClCompile>
    <ClCompile Include="GeneratedFiles\Debug\moc_DropArea.cpp">
      <Filter>QtImplementation\Generated Files\Debug</Filter>
    </ClCompile>
    <ClCompile Include="GeneratedFiles\Debug\moc_MaterialPropertyEditor.cpp">
      <Filter>QtImplementation\Generated Files\Debug</Filter>
    </ClCompile>
    <ClCompile Include="GeneratedFiles\Debug\moc_MtxPropertyEditor.cpp">
      <Filter>QtImplementation\Generated Files\Debug</Filter>
    </ClCompile>
    <ClCompile Include="GeneratedFiles\Debug\moc_QPropertiesView.cpp">
      <Filter>QtImplementation\Generated Files\Debug</Filter>
    </ClCompile>
    <ClCompile Include="GeneratedFiles\Debug\moc_QPropertyEditor.cpp">
      <Filter>QtImplementation\Generated Files\Debug</Filter>
    </ClCompile>
    <ClCompile Include="GeneratedFiles\Debug\moc_ResourcePropertyEditor.cpp">
      <Filter>QtImplementation\Generated Files\Debug</Filter>
    </ClCompile>
    <ClCompile Include="GeneratedFiles\Debug\moc_SceneTreeViewer.cpp">
      <Filter>QtImplementation\Generated Files\Debug</Filter>
    </ClCompile>
    <ClCompile Include="GeneratedFiles\Debug\moc_StringPropertyEditor.cpp">
      <Filter>QtImplementation\Generated Files\Debug</Filter>
    </ClCompile>
    <ClCompile Include="GeneratedFiles\Debug\moc_TamySceneWidget.cpp">
      <Filter>QtImplementation\Generated Files\Debug</Filter>
    </ClCompile>
    <ClCompile Include="GeneratedFiles\Debug\moc_TreeWidget.cpp">
      <Filter>QtImplementation\Generated Files\Debug</Filter>
    </ClCompile>
    <ClCompile Include="GeneratedFiles\Debug\moc_Vec3PropertyEditor.cpp">
      <Filter>QtImplementation\Generated Files\Debug</Filter>
    </ClCompile>
    <ClCompile Include="ArrayPropertyEditor.cpp">
      <Filter>Widgets\PropertiesEditorWidget\Editors</Filter>
    </ClCompile>
    <ClCompile Include="BoolPropertyEditor.cpp">
      <Filter>Widgets\PropertiesEditorWidget\Editors</Filter>
    </ClCompile>
    <ClCompile Include="MaterialPropertyEditor.cpp">
      <Filter>Widgets\PropertiesEditorWidget\Editors</Filter>
    </ClCompile>
    <ClCompile Include="MtxPropertyEditor.cpp">
      <Filter>Widgets\PropertiesEditorWidget\Editors</Filter>
    </ClCompile>
    <ClCompile Include="ResourcePropertyEditor.cpp">
      <Filter>Widgets\PropertiesEditorWidget\Editors</Filter>
    </ClCompile>
    <ClCompile Include="StringPropertyEditor.cpp">
      <Filter>Widgets\PropertiesEditorWidget\Editors</Filter>
    </ClCompile>
    <ClCompile Include="Vec3PropertyEditor.cpp">
      <Filter>Widgets\PropertiesEditorWidget\Editors</Filter>
    </ClCompile>
    <ClCompile Include="SceneTreeViewer.cpp">
      <Filter>Widgets\SceneTreeViewer</Filter>
    </ClCompile>
    <ClCompile Include="EntityEditor.cpp">
      <Filter>Widgets\SceneTreeViewer\Editors</Filter>
    </ClCompile>
    <ClCompile Include="ModelEditor.cpp">
      <Filter>Widgets\SceneTreeViewer\Editors</Filter>
    </ClCompile>
    <ClCompile Include="FSTreeNode.cpp">
      <Filter>Core\ResourcesBrowser</Filter>
    </ClCompile>
    <ClCompile Include="FSDirNode.cpp">
      <Filter>Core\ResourcesBrowser\Nodes</Filter>
    </ClCompile>
    <ClCompile Include="FSLeafNode.cpp">
      <Filter>Core\ResourcesBrowser\Nodes</Filter>
    </ClCompile>
    <ClCompile Include="FSRootNode.cpp">
      <Filter>Core\ResourcesBrowser\Nodes</Filter>
    </ClCompile>
    <ClCompile Include="SceneEditor.cpp">
      <Filter>ResourceEditors\SceneEditor</Filter>
    </ClCompile>
    <ClCompile Include="DropArea.cpp">
      <Filter>Widgets\DropArea</Filter>
    </ClCompile>
    <ClCompile Include="ColorFrame.cpp">
      <Filter>Widgets\ColorFrame</Filter>
    </ClCompile>
    <ClCompile Include="TreeWidget.cpp">
      <Filter>Widgets\TreeWidget</Filter>
    </ClCompile>
    <ClCompile Include="SelectionRenderingPass.cpp">
      <Filter>Widgets\SceneRenderWidget\SelectionVisualisation</Filter>
    </ClCompile>
    <ClCompile Include="QueryableGeometry.cpp">
      <Filter>Widgets\SceneRenderWidget\SceneQueries\Representations</Filter>
    </ClCompile>
    <ClCompile Include="MaterialEditor.cpp">
      <Filter>ResourceEditors\MaterialEditor</Filter>
    </ClCompile>
    <ClCompile Include="GeneratedFiles\Debug\moc_MaterialEditor.cpp">
      <Filter>QtImplementation\Generated Files\Debug</Filter>
    </ClCompile>
    <ClCompile Include="GeneratedFiles\Debug\moc_MaterialSyntaxHighlighter.cpp">
      <Filter>QtImplementation\Generated Files\Debug</Filter>
    </ClCompile>
    <ClCompile Include="assertDialog.cpp">
      <Filter>Core</Filter>
    </ClCompile>
    <ClCompile Include="GeneratedFiles\Debug\moc_assertDialog.cpp">
      <Filter>QtImplementation\Generated Files\Debug</Filter>
    </ClCompile>
    <ClCompile Include="GraphBlock.cpp">
      <Filter>Widgets\GraphWidget</Filter>
    </ClCompile>
    <ClCompile Include="RenderingPipelineEditor.cpp">
      <Filter>ResourceEditors\RenderingPipelineEditor</Filter>
    </ClCompile>
    <ClCompile Include="GeneratedFiles\Debug\moc_RenderingPipelineEditor.cpp">
      <Filter>QtImplementation\Generated Files\Debug</Filter>
    </ClCompile>
    <ClCompile Include="GraphLayout.cpp">
      <Filter>Widgets\GraphWidget</Filter>
    </ClCompile>
    <ClCompile Include="RenderingPipelineLayout.cpp">
      <Filter>ResourceEditors\RenderingPipelineEditor</Filter>
    </ClCompile>
    <ClCompile Include="QPropertiesView.cpp">
      <Filter>Widgets\PropertiesEditorWidget</Filter>
    </ClCompile>
    <ClCompile Include="QPropertyEditor.cpp">
      <Filter>Widgets\PropertiesEditorWidget</Filter>
    </ClCompile>
    <ClCompile Include="RPBPostProcess.cpp">
      <Filter>ResourceEditors\RenderingPipelineEditor\Blocks</Filter>
    </ClCompile>
    <ClCompile Include="GeneratedFiles\Debug\moc_GraphLayout.cpp">
      <Filter>QtImplementation\Generated Files\Debug</Filter>
    </ClCompile>
    <ClCompile Include="RenderingPipelineBlock.cpp">
      <Filter>ResourceEditors\RenderingPipelineEditor</Filter>
    </ClCompile>
    <ClCompile Include="IntPropertyEditor.cpp">
      <Filter>Widgets\PropertiesEditorWidget\Editors</Filter>
    </ClCompile>
    <ClCompile Include="GeneratedFiles\Debug\moc_IntPropertyEditor.cpp">
      <Filter>QtImplementation\Generated Files\Debug</Filter>
    </ClCompile>
    <ClCompile Include="GeneratedFiles\Debug\moc_FloatPropertyEditor.cpp">
      <Filter>QtImplementation\Generated Files\Debug</Filter>
    </ClCompile>
    <ClCompile Include="FloatPropertyEditor.cpp">
      <Filter>Widgets\PropertiesEditorWidget\Editors</Filter>
    </ClCompile>
    <ClCompile Include="RPBStart.cpp">
      <Filter>ResourceEditors\RenderingPipelineEditor\Blocks</Filter>
    </ClCompile>
    <ClCompile Include="RPBSceneRender.cpp">
      <Filter>ResourceEditors\RenderingPipelineEditor\Blocks</Filter>
    </ClCompile>
    <ClCompile Include="RenderTargetDescriptorDialog.cpp">
      <Filter>ResourceEditors\RenderingPipelineEditor</Filter>
    </ClCompile>
    <ClCompile Include="GeneratedFiles\Debug\moc_RenderTargetDescriptorDialog.cpp">
      <Filter>QtImplementation\Generated Files\Debug</Filter>
    </ClCompile>
    <ClCompile Include="FSNodeMimeData.cpp">
      <Filter>Core\ResourcesBrowser</Filter>
    </ClCompile>
    <ClCompile Include="RenderTargetMimeData.cpp">
      <Filter>ResourceEditors\RenderingPipelineEditor</Filter>
    </ClCompile>
    <ClCompile Include="RenderingPipelineSocketRepresentation.cpp">
      <Filter>ResourceEditors\RenderingPipelineEditor</Filter>
    </ClCompile>
    <ClCompile Include="RPSFloat.cpp">
      <Filter>ResourceEditors\RenderingPipelineEditor\Sockets</Filter>
    </ClCompile>
    <ClCompile Include="RPSTexture.cpp">
      <Filter>ResourceEditors\RenderingPipelineEditor\Sockets</Filter>
    </ClCompile>
    <ClCompile Include="RPSVoid.cpp">
      <Filter>ResourceEditors\RenderingPipelineEditor\Sockets</Filter>
    </ClCompile>
    <ClCompile Include="TypesRegistry.cpp" />
    <ClCompile Include="EnumPropertyEditor.cpp">
      <Filter>Widgets\PropertiesEditorWidget\Editors</Filter>
    </ClCompile>
    <ClCompile Include="GeneratedFiles\Debug\moc_EnumPropertyEditor.cpp">
      <Filter>QtImplementation\Generated Files\Debug</Filter>
    </ClCompile>
    <ClCompile Include="RPBAdapter.cpp">
      <Filter>ResourceEditors\RenderingPipelineEditor\Blocks</Filter>
    </ClCompile>
    <ClCompile Include="RPBDebugRender.cpp">
      <Filter>ResourceEditors\RenderingPipelineEditor\Blocks</Filter>
    </ClCompile>
    <ClCompile Include="SkeletonAnimationEditor.cpp">
      <Filter>ResourceEditors\SkeletonAnimationEditor</Filter>
    </ClCompile>
    <ClCompile Include="GeneratedFiles\Debug\moc_SkeletonAnimationEditor.cpp">
      <Filter>QtImplementation\Generated Files\Debug</Filter>
    </ClCompile>
    <ClCompile Include="SkeletonAnimationKeysChart.cpp">
      <Filter>ResourceEditors\SkeletonAnimationEditor\KeysChart</Filter>
    </ClCompile>
    <ClCompile Include="SkeletonAnimationEventsChart.cpp">
      <Filter>ResourceEditors\SkeletonAnimationEditor\EventsChart</Filter>
    </ClCompile>
    <ClCompile Include="TamySceneWidget.cpp">
      <Filter>Widgets\SceneRenderWidget</Filter>
    </ClCompile>
    <ClCompile Include="ChartView.cpp">
      <Filter>Widgets\Chart</Filter>
    </ClCompile>
    <ClCompile Include="ChartScene.cpp">
      <Filter>Widgets\Chart</Filter>
    </ClCompile>
    <ClCompile Include="ChartLine.cpp">
      <Filter>Widgets\Chart\Items</Filter>
    </ClCompile>
    <ClCompile Include="GeneratedFiles\Debug\moc_ChartView.cpp">
      <Filter>QtImplementation\Generated Files\Debug</Filter>
    </ClCompile>
    <ClCompile Include="GeneratedFiles\Release\moc_ChartView.cpp">
      <Filter>QtImplementation\Generated Files\Release</Filter>
    </ClCompile>
    <ClCompile Include="GeneratedFiles\Template\moc_ChartView.cpp">
      <Filter>QtImplementation\Generated Files\Template</Filter>
    </ClCompile>
    <ClCompile Include="VerticalChartMarker.cpp">
      <Filter>Widgets\Chart\Items</Filter>
    </ClCompile>
    <ClCompile Include="DropFrame.cpp">
      <Filter>Widgets\DropArea</Filter>
    </ClCompile>
    <ClCompile Include="GeneratedFiles\Debug\moc_DropFrame.cpp">
      <Filter>QtImplementation\Generated Files\Debug</Filter>
    </ClCompile>
    <ClCompile Include="GeneratedFiles\Release\moc_DropFrame.cpp">
      <Filter>QtImplementation\Generated Files\Release</Filter>
    </ClCompile>
    <ClCompile Include="GeneratedFiles\Template\moc_DropFrame.cpp">
      <Filter>QtImplementation\Generated Files\Template</Filter>
    </ClCompile>
    <ClCompile Include="ResourcesBrowser.cpp">
      <Filter>Core\ResourcesBrowser</Filter>
    </ClCompile>
    <ClCompile Include="GeneratedFiles\Debug\moc_ResourcesBrowser.cpp">
      <Filter>QtImplementation\Generated Files\Debug</Filter>
    </ClCompile>
    <ClCompile Include="GeneratedFiles\Release\moc_ResourcesBrowser.cpp">
      <Filter>QtImplementation\Generated Files\Release</Filter>
    </ClCompile>
    <ClCompile Include="GeneratedFiles\Template\moc_ResourcesBrowser.cpp">
      <Filter>QtImplementation\Generated Files\Template</Filter>
    </ClCompile>
    <ClCompile Include="GeneratedFiles\Debug\moc_SceneEditor.cpp">
      <Filter>QtImplementation\Generated Files\Debug</Filter>
    </ClCompile>
    <ClCompile Include="GeneratedFiles\Release\moc_SceneEditor.cpp">
      <Filter>QtImplementation\Generated Files\Release</Filter>
    </ClCompile>
    <ClCompile Include="GeneratedFiles\Template\moc_SceneEditor.cpp">
      <Filter>QtImplementation\Generated Files\Template</Filter>
    </ClCompile>
    <ClCompile Include="MaterialSyntaxHighlighter.cpp">
      <Filter>ResourceEditors\MaterialEditor</Filter>
    </ClCompile>
    <ClCompile Include="SelectedGeometry.cpp">
      <Filter>Widgets\SceneRenderWidget\SelectionVisualisation\Representations</Filter>
    </ClCompile>
    <ClCompile Include="SelectedEntityPropertiesViewer.cpp">
      <Filter>ResourceEditors\SceneEditor</Filter>
    </ClCompile>
    <ClCompile Include="GeneratedFiles\Debug\moc_SelectedEntityPropertiesViewer.cpp">
      <Filter>QtImplementation\Generated Files\Debug</Filter>
    </ClCompile>
    <ClCompile Include="GeneratedFiles\Release\moc_SelectedEntityPropertiesViewer.cpp">
      <Filter>QtImplementation\Generated Files\Release</Filter>
    </ClCompile>
    <ClCompile Include="GeneratedFiles\Template\moc_SelectedEntityPropertiesViewer.cpp">
      <Filter>QtImplementation\Generated Files\Template</Filter>
    </ClCompile>
    <ClCompile Include="SelectionManager.cpp">
      <Filter>Core\SelectionManager</Filter>
    </ClCompile>
    <ClCompile Include="CameraMovementController.cpp">
      <Filter>Widgets\SceneRenderWidget\InputControl</Filter>
    </ClCompile>
    <ClCompile Include="NodeTransformController.cpp">
      <Filter>Widgets\SceneRenderWidget\InputControl</Filter>
    </ClCompile>
    <ClCompile Include="Gizmo.cpp">
      <Filter>Widgets\SceneRenderWidget\SelectionVisualisation</Filter>
    </ClCompile>
    <ClCompile Include="SceneObjectsManipulator.cpp">
      <Filter>ResourceEditors\SceneEditor\SceneObjectsManipulator</Filter>
    </ClCompile>
    <ClCompile Include="NavigationState.cpp">
      <Filter>ResourceEditors\SceneEditor\SceneObjectsManipulator</Filter>
    </ClCompile>
    <ClCompile Include="NodeManipulationState.cpp">
      <Filter>ResourceEditors\SceneEditor\SceneObjectsManipulator</Filter>
    </ClCompile>
    <ClCompile Include="SceneQuery.cpp">
      <Filter>Widgets\SceneRenderWidget</Filter>
    </ClCompile>
    <ClCompile Include="QueryRenderingPass.cpp">
      <Filter>Widgets\SceneRenderWidget\SceneQueries</Filter>
    </ClCompile>
    <ClCompile Include="TextureEditor.cpp">
      <Filter>ResourceEditors\TextureEditor</Filter>
    </ClCompile>
    <ClCompile Include="GeneratedFiles\Debug\moc_TextureEditor.cpp">
      <Filter>QtImplementation\Generated Files\Debug</Filter>
    </ClCompile>
    <ClCompile Include="GeneratedFiles\Release\moc_TextureEditor.cpp">
      <Filter>QtImplementation\Generated Files\Release</Filter>
    </ClCompile>
    <ClCompile Include="GeneratedFiles\Template\moc_TextureEditor.cpp">
      <Filter>QtImplementation\Generated Files\Template</Filter>
    </ClCompile>
    <ClCompile Include="ObjectPropertyEditor.cpp">
      <Filter>Widgets\PropertiesEditorWidget\Editors</Filter>
    </ClCompile>
    <ClCompile Include="GeneratedFiles\Debug\moc_ObjectPropertyEditor.cpp">
      <Filter>QtImplementation\Generated Files\Debug</Filter>
    </ClCompile>
    <ClCompile Include="GeneratedFiles\Release\moc_ObjectPropertyEditor.cpp">
      <Filter>QtImplementation\Generated Files\Release</Filter>
    </ClCompile>
    <ClCompile Include="GeneratedFiles\Template\moc_ObjectPropertyEditor.cpp">
      <Filter>QtImplementation\Generated Files\Template</Filter>
    </ClCompile>
    <ClCompile Include="RPSBool.cpp">
      <Filter>ResourceEditors\RenderingPipelineEditor\Sockets</Filter>
    </ClCompile>
    <ClCompile Include="RPSInt.cpp">
      <Filter>ResourceEditors\RenderingPipelineEditor\Sockets</Filter>
    </ClCompile>
    <ClCompile Include="RPSString.cpp">
      <Filter>ResourceEditors\RenderingPipelineEditor\Sockets</Filter>
    </ClCompile>
    <ClCompile Include="RPSVec4.cpp">
      <Filter>ResourceEditors\RenderingPipelineEditor\Sockets</Filter>
    </ClCompile>
    <ClCompile Include="RPSMatrix.cpp">
      <Filter>ResourceEditors\RenderingPipelineEditor\Sockets</Filter>
    </ClCompile>
    <ClCompile Include="RPBFloats2Vec4.cpp">
      <Filter>ResourceEditors\RenderingPipelineEditor\Blocks</Filter>
    </ClCompile>
    <ClCompile Include="RPBCamera.cpp">
      <Filter>ResourceEditors\RenderingPipelineEditor\Blocks</Filter>
    </ClCompile>
    <ClCompile Include="RPBTexture.cpp">
      <Filter>ResourceEditors\RenderingPipelineEditor\Blocks</Filter>
    </ClCompile>
    <ClCompile Include="RPBFloat.cpp">
      <Filter>ResourceEditors\RenderingPipelineEditor\Blocks</Filter>
    </ClCompile>
    <ClCompile Include="RPBVec4.cpp">
      <Filter>ResourceEditors\RenderingPipelineEditor\Blocks</Filter>
    </ClCompile>
  </ItemGroup>
  <ItemGroup>
    <None Include="tamyeditor.qrc">
      <Filter>QtImplementation\Resource Files</Filter>
    </None>
    <None Include="TypeDescFactory.inl">
      <Filter>Widgets\TreeWidget</Filter>
    </None>
    <None Include="..\..\..\Assets\Editor\Shaders\SelectionMarker.psh">
      <Filter>Widgets\SceneRenderWidget\SelectionVisualisation\Representations</Filter>
    </None>
    <None Include="..\..\..\Assets\Editor\Shaders\SceneQueryEffect.psh">
      <Filter>Widgets\SceneRenderWidget\SceneQueries</Filter>
    </None>
    <None Include="RenderingPipelineBlock.inl">
      <Filter>ResourceEditors\RenderingPipelineEditor</Filter>
    </None>
  </ItemGroup>
  <ItemGroup>
    <CustomBuild Include="progressdialog.ui">
      <Filter>QtImplementation\Form Files</Filter>
    </CustomBuild>
    <CustomBuild Include="tamyeditor.ui">
      <Filter>QtImplementation\Form Files</Filter>
    </CustomBuild>
    <CustomBuild Include="progressDialog.h">
      <Filter>Core</Filter>
    </CustomBuild>
    <CustomBuild Include="tamyeditor.h">
      <Filter>Core</Filter>
    </CustomBuild>
    <CustomBuild Include="ArrayPropertyEditor.h">
      <Filter>Widgets\PropertiesEditorWidget\Editors</Filter>
    </CustomBuild>
    <CustomBuild Include="BoolPropertyEditor.h">
      <Filter>Widgets\PropertiesEditorWidget\Editors</Filter>
    </CustomBuild>
    <CustomBuild Include="FloatPropertyEditor.h">
      <Filter>Widgets\PropertiesEditorWidget\Editors</Filter>
    </CustomBuild>
    <CustomBuild Include="IntPropertyEditor.h">
      <Filter>Widgets\PropertiesEditorWidget\Editors</Filter>
    </CustomBuild>
    <CustomBuild Include="MaterialPropertyEditor.h">
      <Filter>Widgets\PropertiesEditorWidget\Editors</Filter>
    </CustomBuild>
    <CustomBuild Include="MtxPropertyEditor.h">
      <Filter>Widgets\PropertiesEditorWidget\Editors</Filter>
    </CustomBuild>
    <CustomBuild Include="ResourcePropertyEditor.h">
      <Filter>Widgets\PropertiesEditorWidget\Editors</Filter>
    </CustomBuild>
    <CustomBuild Include="StringPropertyEditor.h">
      <Filter>Widgets\PropertiesEditorWidget\Editors</Filter>
    </CustomBuild>
    <CustomBuild Include="Vec3PropertyEditor.h">
      <Filter>Widgets\PropertiesEditorWidget\Editors</Filter>
    </CustomBuild>
    <CustomBuild Include="SceneTreeViewer.h">
      <Filter>Widgets\SceneTreeViewer</Filter>
    </CustomBuild>
    <CustomBuild Include="EntityEditor.h">
      <Filter>Widgets\SceneTreeViewer\Editors</Filter>
    </CustomBuild>
    <CustomBuild Include="ModelEditor.h">
      <Filter>Widgets\SceneTreeViewer\Editors</Filter>
    </CustomBuild>
    <CustomBuild Include="FSDirNode.h">
      <Filter>Core\ResourcesBrowser\Nodes</Filter>
    </CustomBuild>
    <CustomBuild Include="FSLeafNode.h">
      <Filter>Core\ResourcesBrowser\Nodes</Filter>
    </CustomBuild>
    <CustomBuild Include="DropArea.h">
      <Filter>Widgets\DropArea</Filter>
    </CustomBuild>
    <CustomBuild Include="ColorFrame.h">
      <Filter>Widgets\ColorFrame</Filter>
    </CustomBuild>
    <CustomBuild Include="TreeWidget.h">
      <Filter>Widgets\TreeWidget</Filter>
    </CustomBuild>
    <CustomBuild Include="materialeditor.ui">
      <Filter>QtImplementation\Form Files</Filter>
    </CustomBuild>
    <CustomBuild Include="MaterialEditor.h">
      <Filter>ResourceEditors\MaterialEditor</Filter>
    </CustomBuild>
    <CustomBuild Include="assertDialog.h">
      <Filter>Core</Filter>
    </CustomBuild>
    <CustomBuild Include="assertdialog.ui">
      <Filter>QtImplementation\Form Files</Filter>
    </CustomBuild>
    <CustomBuild Include="RenderingPipelineEditor.h">
      <Filter>ResourceEditors\RenderingPipelineEditor</Filter>
    </CustomBuild>
    <CustomBuild Include="renderingpipelineeditor.ui">
      <Filter>QtImplementation\Form Files</Filter>
    </CustomBuild>
    <CustomBuild Include="QPropertyEditor.h">
      <Filter>Widgets\PropertiesEditorWidget</Filter>
    </CustomBuild>
    <CustomBuild Include="QPropertiesView.h">
      <Filter>Widgets\PropertiesEditorWidget</Filter>
    </CustomBuild>
    <CustomBuild Include="GraphLayout.h">
      <Filter>Widgets\GraphWidget</Filter>
    </CustomBuild>
    <CustomBuild Include="RenderTargetDescriptorDialog.h">
      <Filter>ResourceEditors\RenderingPipelineEditor</Filter>
    </CustomBuild>
    <CustomBuild Include="rendertargetdescriptordialog.ui">
      <Filter>QtImplementation\Form Files</Filter>
    </CustomBuild>
    <CustomBuild Include="EnumPropertyEditor.h">
      <Filter>Widgets\PropertiesEditorWidget\Editors</Filter>
    </CustomBuild>
    <CustomBuild Include="skeletonanimationeditor.ui">
      <Filter>QtImplementation\Form Files</Filter>
    </CustomBuild>
    <CustomBuild Include="SkeletonAnimationEditor.h">
      <Filter>ResourceEditors\SkeletonAnimationEditor</Filter>
    </CustomBuild>
    <CustomBuild Include="TamySceneWidget.h">
      <Filter>Widgets\SceneRenderWidget</Filter>
    </CustomBuild>
    <CustomBuild Include="ChartView.h">
      <Filter>Widgets\Chart</Filter>
    </CustomBuild>
    <CustomBuild Include="DropFrame.h">
      <Filter>Widgets\DropArea</Filter>
    </CustomBuild>
    <CustomBuild Include="ResourcesBrowser.h">
      <Filter>Core\ResourcesBrowser</Filter>
    </CustomBuild>
    <CustomBuild Include="SceneEditor.h">
      <Filter>ResourceEditors\SceneEditor</Filter>
    </CustomBuild>
    <CustomBuild Include="MaterialSyntaxHighlighter.h">
      <Filter>ResourceEditors\MaterialEditor</Filter>
    </CustomBuild>
    <CustomBuild Include="SelectedEntityPropertiesViewer.h">
      <Filter>ResourceEditors\SceneEditor</Filter>
    </CustomBuild>
    <CustomBuild Include="TextureEditor.h">
      <Filter>ResourceEditors\TextureEditor</Filter>
    </CustomBuild>
    <CustomBuild Include="ObjectPropertyEditor.h">
      <Filter>Widgets\PropertiesEditorWidget\Editors</Filter>
    </CustomBuild>
  </ItemGroup>
</Project>