<?xml version="1.0" encoding="utf-8"?>
<Project ToolsVersion="4.0" xmlns="http://schemas.microsoft.com/developer/msbuild/2003">
  <ItemGroup>
    <Filter Include="HierarchicalNodes">
      <UniqueIdentifier>{93995380-89BD-4b04-88EB-625FBE52EBFB}</UniqueIdentifier>
      <Extensions>h;hpp;hxx;hm;inl;inc;xsd</Extensions>
    </Filter>
    <Filter Include="HierarchicalNodes\NodeActionsExecutor">
      <UniqueIdentifier>{da6cc9da-7371-4f90-bcc2-674b968e8c0a}</UniqueIdentifier>
    </Filter>
    <Filter Include="Timer">
      <UniqueIdentifier>{ff971eb1-7113-4629-8db2-520665ab4691}</UniqueIdentifier>
    </Filter>
    <Filter Include="DataStructures">
      <UniqueIdentifier>{961c3900-6c8a-4cf3-a142-24c99e99c9cf}</UniqueIdentifier>
    </Filter>
    <Filter Include="Delegates">
      <UniqueIdentifier>{34e11e46-e5bc-4f0d-bc77-db7d4b6b6738}</UniqueIdentifier>
    </Filter>
    <Filter Include="Streams">
      <UniqueIdentifier>{c0f4c77b-c1da-490e-8d0f-b289a6d9f379}</UniqueIdentifier>
    </Filter>
    <Filter Include="Misc">
      <UniqueIdentifier>{e1b7b45f-0df7-4034-abb0-bf9f02fbdc9d}</UniqueIdentifier>
    </Filter>
    <Filter Include="Misc\ObserverPattern">
      <UniqueIdentifier>{db9241cd-4fae-435e-872d-d1f59656d797}</UniqueIdentifier>
    </Filter>
    <Filter Include="Misc\AbstractFactoryPattern">
      <UniqueIdentifier>{5f62bb7d-3841-4554-ba21-1a411a3be78a}</UniqueIdentifier>
    </Filter>
    <Filter Include="SpatialStorage">
      <UniqueIdentifier>{c950ea53-68c0-47f5-912e-057536bdce20}</UniqueIdentifier>
    </Filter>
    <Filter Include="SpatialStorage\Utils">
      <UniqueIdentifier>{e0e0c6cd-7e2d-44fc-bccb-b0502f5e0c45}</UniqueIdentifier>
    </Filter>
    <Filter Include="SpatialStorage\Solids">
      <UniqueIdentifier>{ccf8b482-9769-443c-93e9-76e8aff27fdb}</UniqueIdentifier>
    </Filter>
    <Filter Include="SpatialStorage\Nodes">
      <UniqueIdentifier>{9b474f79-f4b3-43b8-a901-c97870a5e378}</UniqueIdentifier>
    </Filter>
    <Filter Include="Filesystem">
      <UniqueIdentifier>{8ef7176a-a012-4a0d-8d42-18deef2f0baa}</UniqueIdentifier>
    </Filter>
    <Filter Include="ComponentsSystem">
      <UniqueIdentifier>{58519d11-dc22-40a1-a716-3ce9d1eb7c01}</UniqueIdentifier>
    </Filter>
    <Filter Include="ComponentsSystem\SingletonsManager">
      <UniqueIdentifier>{f1726c59-336f-412a-90e2-a2fea7248789}</UniqueIdentifier>
    </Filter>
    <Filter Include="Math">
      <UniqueIdentifier>{02e931f0-fe38-444e-9402-41963299770c}</UniqueIdentifier>
    </Filter>
    <Filter Include="Resources">
      <UniqueIdentifier>{e97b6a8d-3630-46e6-a0d6-f6ffad3f818b}</UniqueIdentifier>
    </Filter>
    <Filter Include="DataStructures\Graphs">
      <UniqueIdentifier>{0fe037a9-ad64-41fb-9bee-c6e1721d61a4}</UniqueIdentifier>
    </Filter>
    <Filter Include="Misc\Singleton">
      <UniqueIdentifier>{ea704aa1-924f-4d1a-baa3-bbe73a7797cf}</UniqueIdentifier>
    </Filter>
    <Filter Include="DataStructures\DataPipeline">
      <UniqueIdentifier>{0e3baadd-c362-43f6-9d63-4a4be0cf7ef5}</UniqueIdentifier>
    </Filter>
    <Filter Include="Streams\Implementations">
      <UniqueIdentifier>{247dd045-277e-4e66-9183-d8a8f4d7ed0e}</UniqueIdentifier>
    </Filter>
    <Filter Include="RTTI">
      <UniqueIdentifier>{aaa9972a-789b-44d9-aa74-17dabd4b8dca}</UniqueIdentifier>
    </Filter>
    <Filter Include="RTTI\Serialization">
      <UniqueIdentifier>{200bec9a-c891-4201-9175-996f5a2b967f}</UniqueIdentifier>
    </Filter>
    <Filter Include="RTTI\Core">
      <UniqueIdentifier>{9a38afcd-5017-4ce0-88e8-38408222e14a}</UniqueIdentifier>
    </Filter>
    <Filter Include="RTTI\Enum">
      <UniqueIdentifier>{917a03b6-d0cc-4b0e-8b4d-883e567a8214}</UniqueIdentifier>
    </Filter>
    <Filter Include="RTTI\Properties">
      <UniqueIdentifier>{24a98faf-4c75-4b49-9e33-7cce72bc1a49}</UniqueIdentifier>
    </Filter>
    <Filter Include="Math\BoundingVolumes">
      <UniqueIdentifier>{a35d6303-a2ad-4f10-b862-ed3fd5ef8b93}</UniqueIdentifier>
    </Filter>
    <Filter Include="Math\BoundingVolumes\Volumes">
      <UniqueIdentifier>{60851c2c-be56-4ece-98e2-ef2c7c8b6bec}</UniqueIdentifier>
    </Filter>
    <Filter Include="Math\BoundingVolumes\Algorithms">
      <UniqueIdentifier>{cb7efd48-d1b9-44ec-90c4-4a6196041857}</UniqueIdentifier>
    </Filter>
    <Filter Include="Resources\DependenciesMapper">
      <UniqueIdentifier>{14968df2-5173-4559-bcdb-fe447c11c998}</UniqueIdentifier>
    </Filter>
    <Filter Include="Math\Geometry">
      <UniqueIdentifier>{e956afe6-0a48-4e7f-9789-026764d370da}</UniqueIdentifier>
    </Filter>
    <Filter Include="Logging">
      <UniqueIdentifier>{98a4edde-bb95-45aa-819a-c83ac13ab9e2}</UniqueIdentifier>
    </Filter>
    <Filter Include="MemoryManagement">
      <UniqueIdentifier>{4f28b540-68e1-4a68-916b-a68bebf02395}</UniqueIdentifier>
    </Filter>
    <Filter Include="MemoryManagement\Allocators">
      <UniqueIdentifier>{023ea3c9-eca4-4304-85db-1d7366d120d4}</UniqueIdentifier>
    </Filter>
  </ItemGroup>
  <ItemGroup>
    <ClCompile Include="Node.cpp">
      <Filter>HierarchicalNodes</Filter>
    </ClCompile>
    <ClCompile Include="NodeActionsExecutor.cpp">
      <Filter>HierarchicalNodes\NodeActionsExecutor</Filter>
    </ClCompile>
    <ClCompile Include="Timer.cpp">
      <Filter>Timer</Filter>
    </ClCompile>
    <ClCompile Include="StringUtils.cpp">
      <Filter>Misc</Filter>
    </ClCompile>
    <ClCompile Include="BoundingVolume.cpp">
      <Filter>Math\BoundingVolumes</Filter>
    </ClCompile>
    <ClCompile Include="AABoundingBox.cpp">
      <Filter>Math\BoundingVolumes\Volumes</Filter>
    </ClCompile>
    <ClCompile Include="BoundingSphere.cpp">
      <Filter>Math\BoundingVolumes\Volumes</Filter>
    </ClCompile>
    <ClCompile Include="Frustum.cpp">
      <Filter>Math\BoundingVolumes\Volumes</Filter>
    </ClCompile>
    <ClCompile Include="PointVolume.cpp">
      <Filter>Math\BoundingVolumes\Volumes</Filter>
    </ClCompile>
    <ClCompile Include="Ray.cpp">
      <Filter>Math\BoundingVolumes\Volumes</Filter>
    </ClCompile>
    <ClCompile Include="Triangle.cpp">
      <Filter>Math\BoundingVolumes\Volumes</Filter>
    </ClCompile>
    <ClCompile Include="CollisionTests.cpp">
      <Filter>Math\BoundingVolumes\Algorithms</Filter>
    </ClCompile>
    <ClCompile Include="QuadraticEquations.cpp">
      <Filter>Math\BoundingVolumes\Algorithms</Filter>
    </ClCompile>
    <ClCompile Include="File.cpp">
      <Filter>Filesystem</Filter>
    </ClCompile>
    <ClCompile Include="Filesystem.cpp">
      <Filter>Filesystem</Filter>
    </ClCompile>
    <ClCompile Include="SingletonsManager.cpp">
      <Filter>ComponentsSystem\SingletonsManager</Filter>
    </ClCompile>
    <ClCompile Include="Resource.cpp">
      <Filter>Resources</Filter>
    </ClCompile>
    <ClCompile Include="ResourcesManager.cpp">
      <Filter>Resources</Filter>
    </ClCompile>
    <ClCompile Include="EulerAngles.cpp">
      <Filter>Math</Filter>
    </ClCompile>
    <ClCompile Include="Matrix.cpp">
      <Filter>Math</Filter>
    </ClCompile>
    <ClCompile Include="Vector.cpp">
      <Filter>Math</Filter>
    </ClCompile>
    <ClCompile Include="Singleton.cpp">
      <Filter>Misc\Singleton</Filter>
    </ClCompile>
    <ClCompile Include="ResourceHandle.cpp">
      <Filter>Resources</Filter>
    </ClCompile>
    <ClCompile Include="Algorithms.cpp">
      <Filter>Math</Filter>
    </ClCompile>
    <ClCompile Include="RoundBuffer.cpp">
      <Filter>DataStructures</Filter>
    </ClCompile>
    <ClCompile Include="FilePath.cpp">
      <Filter>Filesystem</Filter>
    </ClCompile>
    <ClCompile Include="GraphBuilder.cpp">
      <Filter>DataStructures\DataPipeline</Filter>
    </ClCompile>
    <ClCompile Include="GraphBuilderNode.cpp">
      <Filter>DataStructures\DataPipeline</Filter>
    </ClCompile>
    <ClCompile Include="GraphBuilderSockets.cpp">
      <Filter>DataStructures\DataPipeline</Filter>
    </ClCompile>
    <ClCompile Include="ResourceImporter.cpp">
      <Filter>Resources</Filter>
    </ClCompile>
    <ClCompile Include="InArrayStream.cpp">
      <Filter>Streams\Implementations</Filter>
    </ClCompile>
    <ClCompile Include="OutArrayStream.cpp">
      <Filter>Streams\Implementations</Filter>
    </ClCompile>
    <ClCompile Include="ReflectionSaver.cpp">
      <Filter>RTTI\Serialization</Filter>
    </ClCompile>
    <ClCompile Include="ReflectionLoader.cpp">
      <Filter>RTTI\Serialization</Filter>
    </ClCompile>
    <ClCompile Include="InStream.cpp">
      <Filter>Streams</Filter>
    </ClCompile>
    <ClCompile Include="OutStream.cpp">
      <Filter>Streams</Filter>
    </ClCompile>
    <ClCompile Include="ReflectionObject.cpp">
      <Filter>RTTI\Core</Filter>
    </ClCompile>
    <ClCompile Include="ReflectionType.cpp">
      <Filter>RTTI\Core</Filter>
    </ClCompile>
    <ClCompile Include="ReflectionTypeComponent.cpp">
      <Filter>RTTI\Core</Filter>
    </ClCompile>
    <ClCompile Include="ReflectionTypesRegistry.cpp">
      <Filter>RTTI\Core</Filter>
    </ClCompile>
    <ClCompile Include="ReflectionTypeID.cpp">
      <Filter>RTTI\Core</Filter>
    </ClCompile>
    <ClCompile Include="ReflectionProperty.cpp">
      <Filter>RTTI\Properties</Filter>
    </ClCompile>
    <ClCompile Include="ReflectionEnum.cpp">
      <Filter>RTTI\Enum</Filter>
    </ClCompile>
    <ClCompile Include="InFileStream.cpp">
      <Filter>Streams\Implementations</Filter>
    </ClCompile>
    <ClCompile Include="OutFileStream.cpp">
      <Filter>Streams\Implementations</Filter>
    </ClCompile>
    <ClCompile Include="..\..\Include\core\TypesRegistry.cpp" />
    <ClCompile Include="Color.cpp">
      <Filter>Misc</Filter>
    </ClCompile>
    <ClCompile Include="Plane.cpp">
      <Filter>Math</Filter>
    </ClCompile>
    <ClCompile Include="Quaternion.cpp">
      <Filter>Math</Filter>
    </ClCompile>
    <ClCompile Include="MatrixUtils.cpp">
      <Filter>Math</Filter>
    </ClCompile>
    <ClCompile Include="VectorUtil.cpp">
      <Filter>Math</Filter>
    </ClCompile>
    <ClCompile Include="ReflectionPropertyEditor.cpp">
      <Filter>RTTI\Properties</Filter>
    </ClCompile>
    <ClCompile Include="ReflectionPropertiesView.cpp">
      <Filter>RTTI\Properties</Filter>
    </ClCompile>
    <ClCompile Include="ReflectionSerializationUtil.cpp">
      <Filter>RTTI\Serialization</Filter>
    </ClCompile>
    <ClCompile Include="Transform.cpp">
      <Filter>Math</Filter>
    </ClCompile>
    <ClCompile Include="ResourceDependenciesMapper.cpp">
      <Filter>Resources\DependenciesMapper</Filter>
    </ClCompile>
    <ClCompile Include="FilesystemSection.cpp">
      <Filter>Filesystem</Filter>
    </ClCompile>
    <ClCompile Include="Profiler.cpp">
      <Filter>Timer</Filter>
    </ClCompile>
    <ClCompile Include="TriangleUtil.cpp">
      <Filter>Math\Geometry</Filter>
    </ClCompile>
    <ClCompile Include="Assert.cpp">
      <Filter>Logging</Filter>
    </ClCompile>
    <ClCompile Include="Log.cpp">
      <Filter>Logging</Filter>
    </ClCompile>
    <ClCompile Include="MemoryPool.cpp">
      <Filter>MemoryManagement</Filter>
    </ClCompile>
    <ClCompile Include="RuntimeData.cpp">
      <Filter>MemoryManagement</Filter>
    </ClCompile>
    <ClCompile Include="DefautAllocator.cpp">
      <Filter>MemoryManagement\Allocators</Filter>
    </ClCompile>
    <ClCompile Include="MemoryPoolAllocator.cpp">
      <Filter>MemoryManagement\Allocators</Filter>
    </ClCompile>
    <ClCompile Include="IDString.cpp">
      <Filter>Misc</Filter>
    </ClCompile>
  </ItemGroup>
  <ItemGroup>
    <ClInclude Include="..\..\Include\core\Node.h">
      <Filter>HierarchicalNodes</Filter>
    </ClInclude>
    <ClInclude Include="..\..\Include\core\NodeObserver.h">
      <Filter>HierarchicalNodes</Filter>
    </ClInclude>
    <ClInclude Include="..\..\Include\core\NodeVisitor.h">
      <Filter>HierarchicalNodes</Filter>
    </ClInclude>
    <ClInclude Include="..\..\Include\core\TNodesVisitor.h">
      <Filter>HierarchicalNodes</Filter>
    </ClInclude>
    <ClInclude Include="..\..\Include\core\NodeAction.h">
      <Filter>HierarchicalNodes\NodeActionsExecutor</Filter>
    </ClInclude>
    <ClInclude Include="..\..\Include\core\NodeActionsExecutor.h">
      <Filter>HierarchicalNodes\NodeActionsExecutor</Filter>
    </ClInclude>
    <ClInclude Include="..\..\Include\core\Timer.h">
      <Filter>Timer</Filter>
    </ClInclude>
    <ClInclude Include="..\..\Include\core\Array.h">
      <Filter>DataStructures</Filter>
    </ClInclude>
    <ClInclude Include="..\..\Include\core\CellSpacePartition.h">
      <Filter>DataStructures</Filter>
    </ClInclude>
    <ClInclude Include="..\..\Include\core\ConstSizeArray.h">
      <Filter>DataStructures</Filter>
    </ClInclude>
    <ClInclude Include="..\..\Include\core\Point.h">
      <Filter>DataStructures</Filter>
    </ClInclude>
    <ClInclude Include="..\..\Include\core\Stack.h">
      <Filter>DataStructures</Filter>
    </ClInclude>
    <ClInclude Include="..\..\Include\core\Delegate.h">
      <Filter>Delegates</Filter>
    </ClInclude>
    <ClInclude Include="..\..\Include\core\dostream.h">
      <Filter>Streams</Filter>
    </ClInclude>
    <ClInclude Include="..\..\Include\core\HierarchyWriter.h">
      <Filter>Misc</Filter>
    </ClInclude>
    <ClInclude Include="..\..\Include\core\IntervalOperation.h">
      <Filter>Misc</Filter>
    </ClInclude>
    <ClInclude Include="..\..\Include\core\StringUtils.h">
      <Filter>Misc</Filter>
    </ClInclude>
    <ClInclude Include="..\..\Include\core\UniqueObject.h">
      <Filter>Misc</Filter>
    </ClInclude>
    <ClInclude Include="..\..\Include\core\Observer.h">
      <Filter>Misc\ObserverPattern</Filter>
    </ClInclude>
    <ClInclude Include="..\..\Include\core\Subject.h">
      <Filter>Misc\ObserverPattern</Filter>
    </ClInclude>
    <ClInclude Include="..\..\Include\core\GenericFactory.h">
      <Filter>Misc\AbstractFactoryPattern</Filter>
    </ClInclude>
    <ClInclude Include="..\..\Include\core\SpatialStorage.h">
      <Filter>SpatialStorage</Filter>
    </ClInclude>
    <ClInclude Include="..\..\Include\core\AdaptingSpatialStorage.h">
      <Filter>SpatialStorage\Utils</Filter>
    </ClInclude>
    <ClInclude Include="..\..\Include\core\CompositeSpatialStorage.h">
      <Filter>SpatialStorage\Utils</Filter>
    </ClInclude>
    <ClInclude Include="..\..\Include\core\NarrowPhaseStorageFilter.h">
      <Filter>SpatialStorage\Utils</Filter>
    </ClInclude>
    <ClInclude Include="..\..\Include\core\SharedSpatialStorage.h">
      <Filter>SpatialStorage\Utils</Filter>
    </ClInclude>
    <ClInclude Include="..\..\Include\core\TNodesSpatialStorage.h">
      <Filter>SpatialStorage\Utils</Filter>
    </ClInclude>
    <ClInclude Include="..\..\Include\core\BSPNodeTree.h">
      <Filter>SpatialStorage\Solids</Filter>
    </ClInclude>
    <ClInclude Include="..\..\Include\core\DynamicOctree.h">
      <Filter>SpatialStorage\Solids</Filter>
    </ClInclude>
    <ClInclude Include="..\..\Include\core\LinearStorage.h">
      <Filter>SpatialStorage\Solids</Filter>
    </ClInclude>
    <ClInclude Include="..\..\Include\core\Octree.h">
      <Filter>SpatialStorage\Solids</Filter>
    </ClInclude>
    <ClInclude Include="..\..\Include\core\RegularOctree.h">
      <Filter>SpatialStorage\Solids</Filter>
    </ClInclude>
    <ClInclude Include="..\..\Include\core\StaticGeometryOctree.h">
      <Filter>SpatialStorage\Solids</Filter>
    </ClInclude>
    <ClInclude Include="..\..\Include\core\OctreeNode.h">
      <Filter>SpatialStorage\Nodes</Filter>
    </ClInclude>
    <ClInclude Include="..\..\Include\core\BoundingVolume.h">
      <Filter>Math\BoundingVolumes</Filter>
    </ClInclude>
    <ClInclude Include="..\..\Include\core\AABoundingBox.h">
      <Filter>Math\BoundingVolumes\Volumes</Filter>
    </ClInclude>
    <ClInclude Include="..\..\Include\core\BoundingSpace.h">
      <Filter>Math\BoundingVolumes\Volumes</Filter>
    </ClInclude>
    <ClInclude Include="..\..\Include\core\BoundingSphere.h">
      <Filter>Math\BoundingVolumes\Volumes</Filter>
    </ClInclude>
    <ClInclude Include="..\..\Include\core\Frustum.h">
      <Filter>Math\BoundingVolumes\Volumes</Filter>
    </ClInclude>
    <ClInclude Include="..\..\Include\core\PointVolume.h">
      <Filter>Math\BoundingVolumes\Volumes</Filter>
    </ClInclude>
    <ClInclude Include="..\..\Include\core\Ray.h">
      <Filter>Math\BoundingVolumes\Volumes</Filter>
    </ClInclude>
    <ClInclude Include="..\..\Include\core\Triangle.h">
      <Filter>Math\BoundingVolumes\Volumes</Filter>
    </ClInclude>
    <ClInclude Include="..\..\Include\core\CollisionTests.h">
      <Filter>Math\BoundingVolumes\Algorithms</Filter>
    </ClInclude>
    <ClInclude Include="..\..\Include\core\QuadraticEquations.h">
      <Filter>Math\BoundingVolumes\Algorithms</Filter>
    </ClInclude>
    <ClInclude Include="..\..\Include\core\TriangleSplitter.h">
      <Filter>Math\BoundingVolumes\Algorithms</Filter>
    </ClInclude>
    <ClInclude Include="..\..\Include\core\File.h">
      <Filter>Filesystem</Filter>
    </ClInclude>
    <ClInclude Include="..\..\Include\core\Filesystem.h">
      <Filter>Filesystem</Filter>
    </ClInclude>
    <ClInclude Include="..\..\Include\core\StreamBuffer.h">
      <Filter>Filesystem</Filter>
    </ClInclude>
    <ClInclude Include="..\..\Include\core\Component.h">
      <Filter>ComponentsSystem</Filter>
    </ClInclude>
    <ClInclude Include="..\..\Include\core\ComponentsManager.h">
      <Filter>ComponentsSystem</Filter>
    </ClInclude>
    <ClInclude Include="..\..\Include\core\Manageable.h">
      <Filter>ComponentsSystem\SingletonsManager</Filter>
    </ClInclude>
    <ClInclude Include="..\..\Include\core\SingletonsManager.h">
      <Filter>ComponentsSystem\SingletonsManager</Filter>
    </ClInclude>
    <ClInclude Include="..\..\Include\core\Resource.h">
      <Filter>Resources</Filter>
    </ClInclude>
    <ClInclude Include="..\..\Include\core\ResourcesManager.h">
      <Filter>Resources</Filter>
    </ClInclude>
    <ClInclude Include="..\..\Include\core\ResourceStorage.h">
      <Filter>Resources</Filter>
    </ClInclude>
    <ClInclude Include="..\..\Include\core\EulerAngles.h">
      <Filter>Math</Filter>
    </ClInclude>
    <ClInclude Include="..\..\Include\core\Matrix.h">
      <Filter>Math</Filter>
    </ClInclude>
    <ClInclude Include="..\..\Include\core\Vector.h">
      <Filter>Math</Filter>
    </ClInclude>
    <ClInclude Include="..\..\Include\core.h" />
    <ClInclude Include="..\..\Include\core\ResourceManagerComponent.h">
      <Filter>Resources</Filter>
    </ClInclude>
    <ClInclude Include="..\..\Include\core\Graph.h">
      <Filter>DataStructures\Graphs</Filter>
    </ClInclude>
    <ClInclude Include="..\..\Include\core\Singleton.h">
      <Filter>Misc\Singleton</Filter>
    </ClInclude>
    <ClInclude Include="..\..\Include\core\Algorithms.h">
      <Filter>Math</Filter>
    </ClInclude>
    <ClInclude Include="..\..\Include\core\ResourceHandle.h">
      <Filter>Resources</Filter>
    </ClInclude>
    <ClInclude Include="..\..\Include\core\GraphAlgorithms.h">
      <Filter>DataStructures\Graphs</Filter>
    </ClInclude>
    <ClInclude Include="..\..\Include\core\RoundBuffer.h">
      <Filter>DataStructures</Filter>
    </ClInclude>
    <ClInclude Include="..\..\Include\core\FilePath.h">
      <Filter>Filesystem</Filter>
    </ClInclude>
    <ClInclude Include="..\..\Include\core\GraphBuilder.h">
      <Filter>DataStructures\DataPipeline</Filter>
    </ClInclude>
    <ClInclude Include="..\..\Include\core\GraphBuilderNode.h">
      <Filter>DataStructures\DataPipeline</Filter>
    </ClInclude>
    <ClInclude Include="..\..\Include\core\GraphBuilderSockets.h">
      <Filter>DataStructures\DataPipeline</Filter>
    </ClInclude>
    <ClInclude Include="..\..\Include\core\ResourceImporter.h">
      <Filter>Resources</Filter>
    </ClInclude>
    <ClInclude Include="..\..\Include\core\InStream.h">
      <Filter>Streams</Filter>
    </ClInclude>
    <ClInclude Include="..\..\Include\core\OutStream.h">
      <Filter>Streams</Filter>
    </ClInclude>
    <ClInclude Include="..\..\Include\core\InArrayStream.h">
      <Filter>Streams\Implementations</Filter>
    </ClInclude>
    <ClInclude Include="..\..\Include\core\OutArrayStream.h">
      <Filter>Streams\Implementations</Filter>
    </ClInclude>
    <ClInclude Include="..\..\Include\core\ReflectionSaver.h">
      <Filter>RTTI\Serialization</Filter>
    </ClInclude>
    <ClInclude Include="..\..\Include\core\ReflectionLoader.h">
      <Filter>RTTI\Serialization</Filter>
    </ClInclude>
    <ClInclude Include="..\..\Include\core\ReflectionObjectsTracker.h">
      <Filter>RTTI\Serialization</Filter>
    </ClInclude>
    <ClInclude Include="..\..\Include\core\types.h">
      <Filter>RTTI\Core</Filter>
    </ClInclude>
    <ClInclude Include="..\..\Include\core\ReflectionObject.h">
      <Filter>RTTI\Core</Filter>
    </ClInclude>
    <ClInclude Include="..\..\Include\core\ReflectionType.h">
      <Filter>RTTI\Core</Filter>
    </ClInclude>
    <ClInclude Include="..\..\Include\core\ReflectionTypeComponent.h">
      <Filter>RTTI\Core</Filter>
    </ClInclude>
    <ClInclude Include="..\..\Include\core\ReflectionTypesRegistry.h">
      <Filter>RTTI\Core</Filter>
    </ClInclude>
    <ClInclude Include="..\..\Include\core\ReflectionTypeID.h">
      <Filter>RTTI\Core</Filter>
    </ClInclude>
    <ClInclude Include="..\..\Include\core\ReflectionPropertiesView.h">
      <Filter>RTTI\Properties</Filter>
    </ClInclude>
    <ClInclude Include="..\..\Include\core\ReflectionProperty.h">
      <Filter>RTTI\Properties</Filter>
    </ClInclude>
    <ClInclude Include="..\..\Include\core\ReflectionPropertyEditor.h">
      <Filter>RTTI\Properties</Filter>
    </ClInclude>
    <ClInclude Include="..\..\Include\core\ReflectionEnum.h">
      <Filter>RTTI\Enum</Filter>
    </ClInclude>
    <ClInclude Include="..\..\Include\core\InFileStream.h">
      <Filter>Streams\Implementations</Filter>
    </ClInclude>
    <ClInclude Include="..\..\Include\core\OutFileStream.h">
      <Filter>Streams\Implementations</Filter>
    </ClInclude>
    <ClInclude Include="..\..\Include\core\TypeRegistrationMacros.h">
      <Filter>RTTI\Core</Filter>
    </ClInclude>
    <ClInclude Include="..\..\Include\core\Color.h">
      <Filter>Misc</Filter>
    </ClInclude>
    <ClInclude Include="..\..\Include\core\Plane.h">
      <Filter>Math</Filter>
    </ClInclude>
    <ClInclude Include="..\..\Include\core\Quaternion.h">
      <Filter>Math</Filter>
    </ClInclude>
    <ClInclude Include="..\..\Include\core\MatrixUtils.h">
      <Filter>Math</Filter>
    </ClInclude>
    <ClInclude Include="..\..\Include\core\MathDefs.h">
      <Filter>Math</Filter>
    </ClInclude>
    <ClInclude Include="..\..\Include\core\VectorUtil.h">
      <Filter>Math</Filter>
    </ClInclude>
    <ClInclude Include="..\..\Include\core\math.h" />
    <ClInclude Include="..\..\Include\core\ReflectionMacros.h">
      <Filter>RTTI\Core</Filter>
    </ClInclude>
    <ClInclude Include="..\..\Include\core\ReflectionSerializationMacros.h">
      <Filter>RTTI\Serialization</Filter>
    </ClInclude>
    <ClInclude Include="..\..\Include\core\ReflectionSerializationUtil.h">
      <Filter>RTTI\Serialization</Filter>
    </ClInclude>
    <ClInclude Include="..\..\Include\core\Transform.h">
      <Filter>Math</Filter>
    </ClInclude>
    <ClInclude Include="..\..\Include\core\ReflectionObjectChangeListener.h">
      <Filter>RTTI\Core</Filter>
    </ClInclude>
    <ClInclude Include="..\..\Include\core\ResourceDependenciesMapper.h">
      <Filter>Resources\DependenciesMapper</Filter>
    </ClInclude>
    <ClInclude Include="..\..\Include\core\ReflectionDependenciesCallback.h">
      <Filter>RTTI\Core</Filter>
    </ClInclude>
    <ClInclude Include="..\..\Include\core\FilesystemSection.h">
      <Filter>Filesystem</Filter>
    </ClInclude>
    <ClInclude Include="..\..\Include\core\Profiler.h">
      <Filter>Timer</Filter>
    </ClInclude>
    <ClInclude Include="..\..\Include\core\TriangleUtil.h">
      <Filter>Math\Geometry</Filter>
    </ClInclude>
    <ClInclude Include="..\..\Include\core\Assert.h">
      <Filter>Logging</Filter>
    </ClInclude>
    <ClInclude Include="..\..\Include\core\IProgressObserver.h">
      <Filter>Logging</Filter>
    </ClInclude>
    <ClInclude Include="..\..\Include\core\Log.h">
      <Filter>Logging</Filter>
    </ClInclude>
    <ClInclude Include="..\..\Include\core\List.h">
      <Filter>DataStructures</Filter>
    </ClInclude>
    <ClInclude Include="..\..\Include\core\MemoryPool.h">
      <Filter>MemoryManagement</Filter>
    </ClInclude>
    <ClInclude Include="..\..\Include\core\RuntimeData.h">
      <Filter>MemoryManagement</Filter>
    </ClInclude>
    <ClInclude Include="..\..\Include\core\DefaultAllocator.h">
      <Filter>MemoryManagement\Allocators</Filter>
    </ClInclude>
    <ClInclude Include="..\..\Include\core\MemoryPoolAllocator.h">
      <Filter>MemoryManagement\Allocators</Filter>
    </ClInclude>
    <ClInclude Include="..\..\Include\core\IDString.h">
      <Filter>Misc</Filter>
    </ClInclude>
  </ItemGroup>
  <ItemGroup>
    <None Include="..\..\Include\core\Array.inl">
      <Filter>DataStructures</Filter>
    </None>
    <None Include="..\..\Include\core\ConstSizeArray.inl">
      <Filter>DataStructures</Filter>
    </None>
    <None Include="..\..\Include\core\GenericFactory.inl">
      <Filter>Misc\AbstractFactoryPattern</Filter>
    </None>
    <None Include="..\..\Include\core\AdaptingSpatialStorage.inl">
      <Filter>SpatialStorage\Utils</Filter>
    </None>
    <None Include="..\..\Include\core\CompositeSpatialStorage.inl">
      <Filter>SpatialStorage\Utils</Filter>
    </None>
    <None Include="..\..\Include\core\NarrowPhaseStorageFilter.inl">
      <Filter>SpatialStorage\Utils</Filter>
    </None>
    <None Include="..\..\Include\core\SharedSpatialStorage.inl">
      <Filter>SpatialStorage\Utils</Filter>
    </None>
    <None Include="..\..\Include\core\TNodesSpatialStorage.inl">
      <Filter>SpatialStorage\Utils</Filter>
    </None>
    <None Include="..\..\Include\core\BSPNodeTree.inl">
      <Filter>SpatialStorage\Solids</Filter>
    </None>
    <None Include="..\..\Include\core\DynamicOctree.inl">
      <Filter>SpatialStorage\Solids</Filter>
    </None>
    <None Include="..\..\Include\core\LinearStorage.inl">
      <Filter>SpatialStorage\Solids</Filter>
    </None>
    <None Include="..\..\Include\core\Octree.inl">
      <Filter>SpatialStorage\Solids</Filter>
    </None>
    <None Include="..\..\Include\core\RegularOctree.inl">
      <Filter>SpatialStorage\Solids</Filter>
    </None>
    <None Include="..\..\Include\core\StaticGeometryOctree.inl">
      <Filter>SpatialStorage\Solids</Filter>
    </None>
    <None Include="..\..\Include\core\OctreeNode.inl">
      <Filter>SpatialStorage\Nodes</Filter>
    </None>
    <None Include="..\..\Include\core\TriangleSplitter.inl">
      <Filter>Math\BoundingVolumes\Algorithms</Filter>
    </None>
    <None Include="..\..\Include\core\StreamBuffer.inl">
      <Filter>Filesystem</Filter>
    </None>
    <None Include="..\..\Include\core\Component.inl">
      <Filter>ComponentsSystem</Filter>
    </None>
    <None Include="..\..\Include\core\ComponentsManager.inl">
      <Filter>ComponentsSystem</Filter>
    </None>
    <None Include="..\..\Include\core\SingletonsManager.inl">
      <Filter>ComponentsSystem\SingletonsManager</Filter>
    </None>
    <None Include="..\..\Include\core\ResourcesManager.inl">
      <Filter>Resources</Filter>
    </None>
    <None Include="..\..\Include\core\ResourceStorage.inl">
      <Filter>Resources</Filter>
    </None>
    <None Include="..\..\Include\core\Graph.inl">
      <Filter>DataStructures\Graphs</Filter>
    </None>
    <None Include="..\..\Include\core\Algorithms.inl">
      <Filter>Math</Filter>
    </None>
    <None Include="..\..\Include\core\ResourceHandle.inl">
      <Filter>Resources</Filter>
    </None>
    <None Include="..\..\Include\core\GraphAlgorithms.inl">
      <Filter>DataStructures\Graphs</Filter>
    </None>
    <None Include="..\..\Include\core\UniqueObject.inl">
      <Filter>Misc</Filter>
    </None>
    <None Include="..\..\Include\core\RoundBuffer.inl">
      <Filter>DataStructures</Filter>
    </None>
    <None Include="..\..\Include\core\GraphBuilderSockets.inl">
      <Filter>DataStructures\DataPipeline</Filter>
    </None>
    <None Include="..\..\Include\core\GraphBuilder.inl">
      <Filter>DataStructures\DataPipeline</Filter>
    </None>
    <None Include="..\..\Include\core\GraphBuilderNode.inl">
      <Filter>DataStructures\DataPipeline</Filter>
    </None>
    <None Include="..\..\Include\core\InStream.inl">
      <Filter>Streams</Filter>
    </None>
    <None Include="..\..\Include\core\OutStream.inl">
      <Filter>Streams</Filter>
    </None>
    <None Include="..\..\Include\core\ReflectionSaver.inl">
      <Filter>RTTI\Serialization</Filter>
    </None>
    <None Include="..\..\Include\core\ReflectionLoader.inl">
      <Filter>RTTI\Serialization</Filter>
    </None>
    <None Include="..\..\Include\core\ReflectionObject.inl">
      <Filter>RTTI\Core</Filter>
    </None>
    <None Include="..\..\Include\core\ReflectionType.inl">
      <Filter>RTTI\Core</Filter>
    </None>
    <None Include="..\..\Include\core\ReflectionTypeComponent.inl">
      <Filter>RTTI\Core</Filter>
    </None>
    <None Include="..\..\Include\core\ReflectionTypesRegistry.inl">
      <Filter>RTTI\Core</Filter>
    </None>
    <None Include="..\..\Include\core\ReflectionTypeID.inl">
      <Filter>RTTI\Core</Filter>
    </None>
    <None Include="..\..\Include\core\ReflectionPropertiesView.inl">
      <Filter>RTTI\Properties</Filter>
    </None>
    <None Include="..\..\Include\core\ReflectionProperty.inl">
      <Filter>RTTI\Properties</Filter>
    </None>
    <None Include="..\..\Include\core\ReflectionEnum.inl">
      <Filter>RTTI\Enum</Filter>
    </None>
    <None Include="..\..\Include\core\CellSpacePartition.inl">
      <Filter>DataStructures</Filter>
    </None>
    <None Include="..\..\Include\core\Vector.inl">
      <Filter>Math</Filter>
    </None>
    <None Include="..\..\Include\core\ReflectionPropertyEditor.inl">
      <Filter>RTTI\Properties</Filter>
    </None>
    <None Include="..\..\Include\core\List.inl">
      <Filter>DataStructures</Filter>
    </None>
    <None Include="..\..\Include\core\RuntimeData.inl">
      <Filter>MemoryManagement</Filter>
    </None>
  </ItemGroup>
</Project>