<?xml version="1.0" encoding="utf-8"?>
<Project ToolsVersion="4.0" xmlns="http://schemas.microsoft.com/developer/msbuild/2003">
  <ItemGroup>
    <Filter Include="MVC">
      <UniqueIdentifier>{9503924f-5861-4b7c-a65f-4d2ffd2584a8}</UniqueIdentifier>
    </Filter>
    <Filter Include="Hierarchy">
      <UniqueIdentifier>{1fe7cf8c-1acb-4bbd-bc55-282a58e97488}</UniqueIdentifier>
    </Filter>
    <Filter Include="Debug">
      <UniqueIdentifier>{853cfcf2-8231-4f00-a86b-363a6091f8ae}</UniqueIdentifier>
    </Filter>
  </ItemGroup>
  <ItemGroup>
    <ClCompile Include="Entity.cpp">
      <Filter>MVC</Filter>
    </ClCompile>
    <ClCompile Include="Model.cpp">
      <Filter>MVC</Filter>
    </ClCompile>
    <ClCompile Include="ModelView.cpp">
      <Filter>MVC</Filter>
    </ClCompile>
    <ClCompile Include="..\..\Include\core-MVC\TypesRegistry.cpp" />
    <ClCompile Include="SpatialEntity.cpp">
      <Filter>Hierarchy</Filter>
    </ClCompile>
    <ClCompile Include="ModelDebugScene.cpp">
      <Filter>Debug</Filter>
    </ClCompile>
    <ClCompile Include="ModelEntity.cpp">
      <Filter>Hierarchy</Filter>
    </ClCompile>
  </ItemGroup>
  <ItemGroup>
    <ClInclude Include="..\..\Include\core-MVC\Entity.h">
      <Filter>MVC</Filter>
    </ClInclude>
    <ClInclude Include="..\..\Include\core-MVC\Model.h">
      <Filter>MVC</Filter>
    </ClInclude>
    <ClInclude Include="..\..\Include\core-MVC\ModelView.h">
      <Filter>MVC</Filter>
    </ClInclude>
    <ClInclude Include="..\..\Include\core-MVC.h" />
    <ClInclude Include="..\..\Include\core-MVC\ModelComponent.h">
      <Filter>MVC</Filter>
    </ClInclude>
    <ClInclude Include="..\..\Include\core-MVC\SpatialEntity.h">
      <Filter>Hierarchy</Filter>
    </ClInclude>
    <ClInclude Include="..\..\Include\core-MVC\ModelDebugScene.h">
      <Filter>Debug</Filter>
    </ClInclude>
    <ClInclude Include="..\..\Include\core-MVC\ModelEntity.h">
      <Filter>Hierarchy</Filter>
    </ClInclude>
  </ItemGroup>
  <ItemGroup>
    <None Include="..\..\Include\core-MVC\Entity.inl">
      <Filter>MVC</Filter>
    </None>
    <None Include="..\..\Include\core-MVC\Model.inl">
      <Filter>MVC</Filter>
    </None>
  </ItemGroup>
</Project>