<?xml version="1.0" encoding="utf-8"?>
<Project ToolsVersion="4.0" xmlns="http://schemas.microsoft.com/developer/msbuild/2003">
  <ItemGroup>
    <Filter Include="Core">
      <UniqueIdentifier>{81a931cb-bb07-43a7-a166-8c90458af22d}</UniqueIdentifier>
    </Filter>
  </ItemGroup>
  <ItemGroup>
    <ClInclude Include="..\..\Include\ml-FBX\FBXSceneLoader.h">
      <Filter>Core</Filter>
    </ClInclude>
    <ClInclude Include="..\..\Include\ml-FBX.h" />
  </ItemGroup>
  <ItemGroup>
    <ClCompile Include="FBXSceneLoader.cpp">
      <Filter>Core</Filter>
    </ClCompile>
  </ItemGroup>
</Project>